// !$*UTF8*$!
{
	archiveVersion = 1;
	classes = {
	};
	objectVersion = 46;
	objects = {

/* Begin PBXBuildFile section */
		0E11E2C11AF83D0C00263B9B /* MMX.xcdatamodeld in Resources */ = {isa = PBXBuildFile; fileRef = 0EA2020B1AF838E1004018AE /* MMX.xcdatamodeld */; };
		0E47F4FC1B069EF20089E887 /* Configurations.plist in Resources */ = {isa = PBXBuildFile; fileRef = 0E47F4FB1B069EF20089E887 /* Configurations.plist */; };
		0E54CFC81AFAA1B3000326D7 /* MMXClient.h in CopyFiles */ = {isa = PBXBuildFile; fileRef = 0EA2022B1AF838E1004018AE /* MMXClient.h */; };
		0E54CFC91AFAA1C1000326D7 /* MMXDeviceManager.h in CopyFiles */ = {isa = PBXBuildFile; fileRef = 0EA202401AF838E1004018AE /* MMXDeviceManager.h */; };
		0E54CFCA1AFAA1CC000326D7 /* MMXDeviceProfile.h in CopyFiles */ = {isa = PBXBuildFile; fileRef = 0EA202431AF838E1004018AE /* MMXDeviceProfile.h */; };
		0E54CFCB1AFAA1D8000326D7 /* MMXEndpoint.h in CopyFiles */ = {isa = PBXBuildFile; fileRef = 0EA2021A1AF838E1004018AE /* MMXEndpoint.h */; };
		0E54CFCC1AFAA1E5000326D7 /* MMXAccountManager.h in CopyFiles */ = {isa = PBXBuildFile; fileRef = 0EA202781AF838E1004018AE /* MMXAccountManager.h */; };
		0E54CFCD1AFAA1FD000326D7 /* MMXUserID.h in CopyFiles */ = {isa = PBXBuildFile; fileRef = 0EA2021D1AF838E1004018AE /* MMXUserID.h */; };
		0E54CFCE1AFAA208000326D7 /* MMXUserProfile.h in CopyFiles */ = {isa = PBXBuildFile; fileRef = 0EA2027B1AF838E1004018AE /* MMXUserProfile.h */; };
		0E54CFCF1AFAA215000326D7 /* MMXMessageOptions.h in CopyFiles */ = {isa = PBXBuildFile; fileRef = 0EA202251AF838E1004018AE /* MMXMessageOptions.h */; };
		0E54CFD01AFAA228000326D7 /* MMXTopic.h in CopyFiles */ = {isa = PBXBuildFile; fileRef = 0EA2025C1AF838E1004018AE /* MMXTopic.h */; };
		0E54CFD11AFAA233000326D7 /* MMXTopicSummary.h in CopyFiles */ = {isa = PBXBuildFile; fileRef = 0EA202721AF838E1004018AE /* MMXTopicSummary.h */; };
		0E54CFD21AFAA23A000326D7 /* MMXTopicSubscription.h in CopyFiles */ = {isa = PBXBuildFile; fileRef = 0EA2026E1AF838E1004018AE /* MMXTopicSubscription.h */; };
		0E54CFD31AFAA243000326D7 /* MMXPubSubManager.h in CopyFiles */ = {isa = PBXBuildFile; fileRef = 0EA202561AF838E1004018AE /* MMXPubSubManager.h */; };
		0E54CFD41AFAA250000326D7 /* MMXLogger.h in CopyFiles */ = {isa = PBXBuildFile; fileRef = 0EA202491AF838E1004018AE /* MMXLogger.h */; };
		0E54CFD51AFAA25B000326D7 /* MMXConfiguration.h in CopyFiles */ = {isa = PBXBuildFile; fileRef = 0EA202001AF838E1004018AE /* MMXConfiguration.h */; };
		0E54CFD61AFAA268000326D7 /* MMXInboundMessage.h in CopyFiles */ = {isa = PBXBuildFile; fileRef = 0EA202221AF838E1004018AE /* MMXInboundMessage.h */; };
		0E54CFD71AFAA271000326D7 /* MMXOutboundMessage.h in CopyFiles */ = {isa = PBXBuildFile; fileRef = 0EA202281AF838E1004018AE /* MMXOutboundMessage.h */; };
		0E54CFD81AFAA27B000326D7 /* MMXPubSubMessage.h in CopyFiles */ = {isa = PBXBuildFile; fileRef = 0EA202591AF838E1004018AE /* MMXPubSubMessage.h */; };
		0E54CFD91AFAA285000326D7 /* MMXPubSubFetchRequest.h in CopyFiles */ = {isa = PBXBuildFile; fileRef = 0EA202531AF838E1004018AE /* MMXPubSubFetchRequest.h */; };
		0E54CFDA1AFAA291000326D7 /* MMXErrorSeverityEnum.h in CopyFiles */ = {isa = PBXBuildFile; fileRef = 0EA202071AF838E1004018AE /* MMXErrorSeverityEnum.h */; };
		0E54CFDB1AFAA29E000326D7 /* MMXAddressable.h in CopyFiles */ = {isa = PBXBuildFile; fileRef = 0EA202191AF838E1004018AE /* MMXAddressable.h */; };
		0E54CFDC1AFAA2A9000326D7 /* MMXRemoteNotification.h in CopyFiles */ = {isa = PBXBuildFile; fileRef = 0EA2024D1AF838E1004018AE /* MMXRemoteNotification.h */; };
		0E54CFDD1AFAA2C4000326D7 /* MMXQuery.h in CopyFiles */ = {isa = PBXBuildFile; fileRef = 0EA202391AF838E1004018AE /* MMXQuery.h */; };
		0E54CFDE1AFAA2CA000326D7 /* MMXQueryFilter.h in CopyFiles */ = {isa = PBXBuildFile; fileRef = 0EA2023C1AF838E1004018AE /* MMXQueryFilter.h */; };
		0E54CFDF1AFAA2D1000326D7 /* MMXUserQueryFilter.h in CopyFiles */ = {isa = PBXBuildFile; fileRef = 0EA2027E1AF838E1004018AE /* MMXUserQueryFilter.h */; };
		0E54CFE01AFAA2D7000326D7 /* MMXTopicQueryFilter.h in CopyFiles */ = {isa = PBXBuildFile; fileRef = 0EA202621AF838E1004018AE /* MMXTopicQueryFilter.h */; };
		0E57BE5C1AFAA015009BD674 /* MMXTestingUtils.m in Sources */ = {isa = PBXBuildFile; fileRef = 0EA2028B1AF838E1004018AE /* MMXTestingUtils.m */; };
		0E7F1EAF1B742373003808B4 /* MagnetConstants.m in Sources */ = {isa = PBXBuildFile; fileRef = 0E7F1EA31B742373003808B4 /* MagnetConstants.m */; };
		0E7F1EB01B742373003808B4 /* MagnetDelegate.m in Sources */ = {isa = PBXBuildFile; fileRef = 0E7F1EA51B742373003808B4 /* MagnetDelegate.m */; };
		0E7F1EB11B742373003808B4 /* MagnetMessage.m in Sources */ = {isa = PBXBuildFile; fileRef = 0E7F1EA71B742373003808B4 /* MagnetMessage.m */; };
		0E7F1EB21B742373003808B4 /* MMXChannel.m in Sources */ = {isa = PBXBuildFile; fileRef = 0E7F1EA91B742373003808B4 /* MMXChannel.m */; };
		0E7F1EB31B742373003808B4 /* MMXMessage.m in Sources */ = {isa = PBXBuildFile; fileRef = 0E7F1EAB1B742373003808B4 /* MMXMessage.m */; };
		0E7F1EB41B742373003808B4 /* MMXUser.m in Sources */ = {isa = PBXBuildFile; fileRef = 0E7F1EAE1B742373003808B4 /* MMXUser.m */; };
		0E8339351A78480800131CF3 /* MMXClientSpec.m in Sources */ = {isa = PBXBuildFile; fileRef = 0E8339341A78480800131CF3 /* MMXClientSpec.m */; };
		0E8B4E0F1A6F2F370000A7C3 /* libMMX.a in Frameworks */ = {isa = PBXBuildFile; fileRef = 0E8B4E031A6F2F370000A7C3 /* libMMX.a */; };
		0E91FF451A8184160055F77F /* MMXDeviceManagerSpec.m in Sources */ = {isa = PBXBuildFile; fileRef = 0E91FF441A8184160055F77F /* MMXDeviceManagerSpec.m */; };
		0EA2028E1AF838E1004018AE /* XMPPIQ+MMX.m in Sources */ = {isa = PBXBuildFile; fileRef = 0EA201FC1AF838E1004018AE /* XMPPIQ+MMX.m */; };
		0EA2028F1AF838E1004018AE /* XMPPJID+MMX.m in Sources */ = {isa = PBXBuildFile; fileRef = 0EA201FE1AF838E1004018AE /* XMPPJID+MMX.m */; };
		0EA202901AF838E1004018AE /* MMXConfiguration.m in Sources */ = {isa = PBXBuildFile; fileRef = 0EA202011AF838E1004018AE /* MMXConfiguration.m */; };
		0EA202911AF838E1004018AE /* MMXConfigurationRegistry.m in Sources */ = {isa = PBXBuildFile; fileRef = 0EA202031AF838E1004018AE /* MMXConfigurationRegistry.m */; };
		0EA202921AF838E1004018AE /* MMXConstants.m in Sources */ = {isa = PBXBuildFile; fileRef = 0EA202061AF838E1004018AE /* MMXConstants.m */; };
		0EA202931AF838E1004018AE /* _MMXOutboxEntry.m in Sources */ = {isa = PBXBuildFile; fileRef = 0EA2020A1AF838E1004018AE /* _MMXOutboxEntry.m */; };
		0EA202951AF838E1004018AE /* MMXDataModel.m in Sources */ = {isa = PBXBuildFile; fileRef = 0EA2020E1AF838E1004018AE /* MMXDataModel.m */; };
		0EA202961AF838E1004018AE /* MMXKeyedArchiver.m in Sources */ = {isa = PBXBuildFile; fileRef = 0EA202101AF838E1004018AE /* MMXKeyedArchiver.m */; };
		0EA202971AF838E1004018AE /* MMXKeyedUnarchiver.m in Sources */ = {isa = PBXBuildFile; fileRef = 0EA202121AF838E1004018AE /* MMXKeyedUnarchiver.m */; };
		0EA202981AF838E1004018AE /* MMXOutboxEntry.m in Sources */ = {isa = PBXBuildFile; fileRef = 0EA202141AF838E1004018AE /* MMXOutboxEntry.m */; };
		0EA202991AF838E1004018AE /* MMXOutboxTransformer.m in Sources */ = {isa = PBXBuildFile; fileRef = 0EA202161AF838E1004018AE /* MMXOutboxTransformer.m */; };
		0EA2029A1AF838E1004018AE /* MMXEndpoint.m in Sources */ = {isa = PBXBuildFile; fileRef = 0EA2021B1AF838E1004018AE /* MMXEndpoint.m */; };
		0EA2029B1AF838E1004018AE /* MMXUserID.m in Sources */ = {isa = PBXBuildFile; fileRef = 0EA2021E1AF838E1004018AE /* MMXUserID.m */; };
		0EA2029C1AF838E1004018AE /* MMXInboundMessage.m in Sources */ = {isa = PBXBuildFile; fileRef = 0EA202231AF838E1004018AE /* MMXInboundMessage.m */; };
		0EA2029D1AF838E1004018AE /* MMXMessageOptions.m in Sources */ = {isa = PBXBuildFile; fileRef = 0EA202261AF838E1004018AE /* MMXMessageOptions.m */; };
		0EA2029E1AF838E1004018AE /* MMXOutboundMessage.m in Sources */ = {isa = PBXBuildFile; fileRef = 0EA202291AF838E1004018AE /* MMXOutboundMessage.m */; };
		0EA2029F1AF838E1004018AE /* MMXClient.m in Sources */ = {isa = PBXBuildFile; fileRef = 0EA2022C1AF838E1004018AE /* MMXClient.m */; };
		0EA202A01AF838E1004018AE /* MMXInternalAck.m in Sources */ = {isa = PBXBuildFile; fileRef = 0EA2022F1AF838E1004018AE /* MMXInternalAck.m */; };
		0EA202A11AF838E1004018AE /* MMXIQResponse.m in Sources */ = {isa = PBXBuildFile; fileRef = 0EA202311AF838E1004018AE /* MMXIQResponse.m */; };
		0EA202A21AF838E1004018AE /* MMXInternalMessageAdaptor.m in Sources */ = {isa = PBXBuildFile; fileRef = 0EA202331AF838E1004018AE /* MMXInternalMessageAdaptor.m */; };
		0EA202A31AF838E1004018AE /* MMXMessageStateQueryResponse.m in Sources */ = {isa = PBXBuildFile; fileRef = 0EA202361AF838E1004018AE /* MMXMessageStateQueryResponse.m */; };
		0EA202A41AF838E1004018AE /* MMXQuery.m in Sources */ = {isa = PBXBuildFile; fileRef = 0EA2023A1AF838E1004018AE /* MMXQuery.m */; };
		0EA202A51AF838E1004018AE /* MMXQueryFilter.m in Sources */ = {isa = PBXBuildFile; fileRef = 0EA2023D1AF838E1004018AE /* MMXQueryFilter.m */; };
		0EA202A61AF838E1004018AE /* MMXDeviceManager.m in Sources */ = {isa = PBXBuildFile; fileRef = 0EA202411AF838E1004018AE /* MMXDeviceManager.m */; };
		0EA202A71AF838E1004018AE /* MMXDeviceProfile.m in Sources */ = {isa = PBXBuildFile; fileRef = 0EA202441AF838E1004018AE /* MMXDeviceProfile.m */; };
		0EA202A81AF838E1004018AE /* MMXDeviceQueryResponse.m in Sources */ = {isa = PBXBuildFile; fileRef = 0EA202471AF838E1004018AE /* MMXDeviceQueryResponse.m */; };
		0EA202A91AF838E1004018AE /* MMXLogger.m in Sources */ = {isa = PBXBuildFile; fileRef = 0EA2024A1AF838E1004018AE /* MMXLogger.m */; };
		0EA202AA1AF838E1004018AE /* MMXRemoteNotification.m in Sources */ = {isa = PBXBuildFile; fileRef = 0EA2024E1AF838E1004018AE /* MMXRemoteNotification.m */; };
		0EA202AB1AF838E1004018AE /* MMXGeoLocationMessage.m in Sources */ = {isa = PBXBuildFile; fileRef = 0EA202511AF838E1004018AE /* MMXGeoLocationMessage.m */; };
		0EA202AC1AF838E1004018AE /* MMXPubSubFetchRequest.m in Sources */ = {isa = PBXBuildFile; fileRef = 0EA202541AF838E1004018AE /* MMXPubSubFetchRequest.m */; };
		0EA202AD1AF838E1004018AE /* MMXPubSubManager.m in Sources */ = {isa = PBXBuildFile; fileRef = 0EA202571AF838E1004018AE /* MMXPubSubManager.m */; };
		0EA202AE1AF838E1004018AE /* MMXPubSubMessage.m in Sources */ = {isa = PBXBuildFile; fileRef = 0EA2025A1AF838E1004018AE /* MMXPubSubMessage.m */; };
		0EA202AF1AF838E1004018AE /* MMXTopic.m in Sources */ = {isa = PBXBuildFile; fileRef = 0EA2025D1AF838E1004018AE /* MMXTopic.m */; };
		0EA202B01AF838E1004018AE /* MMXTopicListResponse.m in Sources */ = {isa = PBXBuildFile; fileRef = 0EA202601AF838E1004018AE /* MMXTopicListResponse.m */; };
		0EA202B11AF838E1004018AE /* MMXTopicQueryFilter.m in Sources */ = {isa = PBXBuildFile; fileRef = 0EA202631AF838E1004018AE /* MMXTopicQueryFilter.m */; };
		0EA202B21AF838E1004018AE /* MMXTopicQueryResponse.m in Sources */ = {isa = PBXBuildFile; fileRef = 0EA202661AF838E1004018AE /* MMXTopicQueryResponse.m */; };
		0EA202B31AF838E1004018AE /* MMXSubscriptionListResponse.m in Sources */ = {isa = PBXBuildFile; fileRef = 0EA2026A1AF838E1004018AE /* MMXSubscriptionListResponse.m */; };
		0EA202B41AF838E1004018AE /* MMXSubscriptionResponse.m in Sources */ = {isa = PBXBuildFile; fileRef = 0EA2026C1AF838E1004018AE /* MMXSubscriptionResponse.m */; };
		0EA202B51AF838E1004018AE /* MMXTopicSubscription.m in Sources */ = {isa = PBXBuildFile; fileRef = 0EA2026F1AF838E1004018AE /* MMXTopicSubscription.m */; };
		0EA202B61AF838E1004018AE /* MMXTopicSummary.m in Sources */ = {isa = PBXBuildFile; fileRef = 0EA202731AF838E1004018AE /* MMXTopicSummary.m */; };
		0EA202B71AF838E1004018AE /* MMXTopicSummaryRequestResponse.m in Sources */ = {isa = PBXBuildFile; fileRef = 0EA202761AF838E1004018AE /* MMXTopicSummaryRequestResponse.m */; };
		0EA202B81AF838E1004018AE /* MMXAccountManager.m in Sources */ = {isa = PBXBuildFile; fileRef = 0EA202791AF838E1004018AE /* MMXAccountManager.m */; };
		0EA202B91AF838E1004018AE /* MMXUserProfile.m in Sources */ = {isa = PBXBuildFile; fileRef = 0EA2027C1AF838E1004018AE /* MMXUserProfile.m */; };
		0EA202BA1AF838E1004018AE /* MMXUserQueryFilter.m in Sources */ = {isa = PBXBuildFile; fileRef = 0EA2027F1AF838E1004018AE /* MMXUserQueryFilter.m */; };
		0EA202BB1AF838E1004018AE /* MMXUserQueryResponse.m in Sources */ = {isa = PBXBuildFile; fileRef = 0EA202821AF838E1004018AE /* MMXUserQueryResponse.m */; };
		0EA202BD1AF838E1004018AE /* MMXMessageUtils.m in Sources */ = {isa = PBXBuildFile; fileRef = 0EA202891AF838E1004018AE /* MMXMessageUtils.m */; };
		0EA202BF1AF838E1004018AE /* MMXUtils.m in Sources */ = {isa = PBXBuildFile; fileRef = 0EA2028D1AF838E1004018AE /* MMXUtils.m */; };
		0EA7C8401B7D09400041C2D3 /* MMXAsyncOperation.m in Sources */ = {isa = PBXBuildFile; fileRef = 0EA7C83F1B7D09400041C2D3 /* MMXAsyncOperation.m */; };
		0EA7C8431B7D0B490041C2D3 /* MMXConnectionOperation.m in Sources */ = {isa = PBXBuildFile; fileRef = 0EA7C8421B7D0B490041C2D3 /* MMXConnectionOperation.m */; };
		0EA7C8491B7D14A20041C2D3 /* MMXLogInOperation.m in Sources */ = {isa = PBXBuildFile; fileRef = 0EA7C8481B7D14A20041C2D3 /* MMXLogInOperation.m */; };
		0EB377551ACDFA5000137977 /* MMXAccountManagerSpec.m in Sources */ = {isa = PBXBuildFile; fileRef = 0EB377541ACDFA5000137977 /* MMXAccountManagerSpec.m */; };
		0EDE8D881AA0D74000CB16AF /* MMXPubSubManagerSpec.m in Sources */ = {isa = PBXBuildFile; fileRef = 0EDE8D871AA0D74000CB16AF /* MMXPubSubManagerSpec.m */; };
		214A0D1C1A8D3AF500E6939A /* MMXKeyedArchiverSpec.m in Sources */ = {isa = PBXBuildFile; fileRef = 66021A53159259CBF0D9D85A /* MMXKeyedArchiverSpec.m */; };
		214A0D1D1A8D3AF500E6939A /* MMXDataModelSpec.m in Sources */ = {isa = PBXBuildFile; fileRef = 66021455F4B619C01E078615 /* MMXDataModelSpec.m */; };
		214A0D1E1A8D3AF500E6939A /* MMXKeyedUnarchiverSpec.m in Sources */ = {isa = PBXBuildFile; fileRef = 660217D44535D31E2BE0C1FA /* MMXKeyedUnarchiverSpec.m */; };
		214A0D1F1A8D3C9500E6939A /* MMX.bundle in Resources */ = {isa = PBXBuildFile; fileRef = 214A0D121A8D20DF00E6939A /* MMX.bundle */; };
		21540E5C1A7834B3004E961D /* MathSpec.m in Sources */ = {isa = PBXBuildFile; fileRef = 21540E5B1A7834B3004E961D /* MathSpec.m */; };
		21540E5E1A78359F004E961D /* libresolv.dylib in Frameworks */ = {isa = PBXBuildFile; fileRef = 0E5F2D8A1A76B99F00396DF4 /* libresolv.dylib */; };
		21540E641A799DD4004E961D /* MMXClientDelegateSpy.m in Sources */ = {isa = PBXBuildFile; fileRef = 21540E631A799DD4004E961D /* MMXClientDelegateSpy.m */; };
		660216A5CA22964263058C72 /* MMXRemoteNotificationSpec.m in Sources */ = {isa = PBXBuildFile; fileRef = 660210CF931C18F4540212EC /* MMXRemoteNotificationSpec.m */; };
		9883C47C8B415D9FCA446E6E /* libPods-MMXTests.a in Frameworks */ = {isa = PBXBuildFile; fileRef = CD8F7441BDCF3041B7EA66D6 /* libPods-MMXTests.a */; };
/* End PBXBuildFile section */

/* Begin PBXContainerItemProxy section */
		0E8B4E101A6F2F370000A7C3 /* PBXContainerItemProxy */ = {
			isa = PBXContainerItemProxy;
			containerPortal = 0E8B4DFB1A6F2F370000A7C3 /* Project object */;
			proxyType = 1;
			remoteGlobalIDString = 0E8B4E021A6F2F370000A7C3;
			remoteInfo = MMX;
		};
		214A0D1A1A8D22C600E6939A /* PBXContainerItemProxy */ = {
			isa = PBXContainerItemProxy;
			containerPortal = 0E8B4DFB1A6F2F370000A7C3 /* Project object */;
			proxyType = 1;
			remoteGlobalIDString = 214A0D111A8D20DF00E6939A;
			remoteInfo = MMXBundle;
		};
/* End PBXContainerItemProxy section */

/* Begin PBXCopyFilesBuildPhase section */
		0E8B4E011A6F2F370000A7C3 /* CopyFiles */ = {
			isa = PBXCopyFilesBuildPhase;
			buildActionMask = 2147483647;
			dstPath = "include/$(PRODUCT_NAME)";
			dstSubfolderSpec = 16;
			files = (
				0E54CFE01AFAA2D7000326D7 /* MMXTopicQueryFilter.h in CopyFiles */,
				0E54CFDF1AFAA2D1000326D7 /* MMXUserQueryFilter.h in CopyFiles */,
				0E54CFDE1AFAA2CA000326D7 /* MMXQueryFilter.h in CopyFiles */,
				0E54CFDD1AFAA2C4000326D7 /* MMXQuery.h in CopyFiles */,
				0E54CFDC1AFAA2A9000326D7 /* MMXRemoteNotification.h in CopyFiles */,
				0E54CFDB1AFAA29E000326D7 /* MMXAddressable.h in CopyFiles */,
				0E54CFDA1AFAA291000326D7 /* MMXErrorSeverityEnum.h in CopyFiles */,
				0E54CFD91AFAA285000326D7 /* MMXPubSubFetchRequest.h in CopyFiles */,
				0E54CFD81AFAA27B000326D7 /* MMXPubSubMessage.h in CopyFiles */,
				0E54CFD71AFAA271000326D7 /* MMXOutboundMessage.h in CopyFiles */,
				0E54CFD61AFAA268000326D7 /* MMXInboundMessage.h in CopyFiles */,
				0E54CFD51AFAA25B000326D7 /* MMXConfiguration.h in CopyFiles */,
				0E54CFD41AFAA250000326D7 /* MMXLogger.h in CopyFiles */,
				0E54CFD31AFAA243000326D7 /* MMXPubSubManager.h in CopyFiles */,
				0E54CFD21AFAA23A000326D7 /* MMXTopicSubscription.h in CopyFiles */,
				0E54CFD11AFAA233000326D7 /* MMXTopicSummary.h in CopyFiles */,
				0E54CFD01AFAA228000326D7 /* MMXTopic.h in CopyFiles */,
				0E54CFCF1AFAA215000326D7 /* MMXMessageOptions.h in CopyFiles */,
				0E54CFCE1AFAA208000326D7 /* MMXUserProfile.h in CopyFiles */,
				0E54CFCD1AFAA1FD000326D7 /* MMXUserID.h in CopyFiles */,
				0E54CFCC1AFAA1E5000326D7 /* MMXAccountManager.h in CopyFiles */,
				0E54CFCB1AFAA1D8000326D7 /* MMXEndpoint.h in CopyFiles */,
				0E54CFCA1AFAA1CC000326D7 /* MMXDeviceProfile.h in CopyFiles */,
				0E54CFC91AFAA1C1000326D7 /* MMXDeviceManager.h in CopyFiles */,
				0E54CFC81AFAA1B3000326D7 /* MMXClient.h in CopyFiles */,
			);
			runOnlyForDeploymentPostprocessing = 0;
		};
/* End PBXCopyFilesBuildPhase section */

/* Begin PBXFileReference section */
		0E3633931B7955D400A5EB4B /* MMXMessageTypes.h */ = {isa = PBXFileReference; lastKnownFileType = sourcecode.c.h; path = MMXMessageTypes.h; sourceTree = "<group>"; };
		0E47F4FB1B069EF20089E887 /* Configurations.plist */ = {isa = PBXFileReference; fileEncoding = 4; lastKnownFileType = text.plist.xml; name = Configurations.plist; path = Configuration/Configurations.plist; sourceTree = "<group>"; };
		0E5F2D8A1A76B99F00396DF4 /* libresolv.dylib */ = {isa = PBXFileReference; lastKnownFileType = "compiled.mach-o.dylib"; name = libresolv.dylib; path = usr/lib/libresolv.dylib; sourceTree = SDKROOT; };
		0E7F1EA11B742373003808B4 /* MagnetAbstraction.h */ = {isa = PBXFileReference; fileEncoding = 4; lastKnownFileType = sourcecode.c.h; path = MagnetAbstraction.h; sourceTree = "<group>"; };
		0E7F1EA21B742373003808B4 /* MagnetConstants.h */ = {isa = PBXFileReference; fileEncoding = 4; lastKnownFileType = sourcecode.c.h; path = MagnetConstants.h; sourceTree = "<group>"; };
		0E7F1EA31B742373003808B4 /* MagnetConstants.m */ = {isa = PBXFileReference; fileEncoding = 4; lastKnownFileType = sourcecode.c.objc; path = MagnetConstants.m; sourceTree = "<group>"; };
		0E7F1EA41B742373003808B4 /* MagnetDelegate.h */ = {isa = PBXFileReference; fileEncoding = 4; lastKnownFileType = sourcecode.c.h; path = MagnetDelegate.h; sourceTree = "<group>"; };
		0E7F1EA51B742373003808B4 /* MagnetDelegate.m */ = {isa = PBXFileReference; fileEncoding = 4; lastKnownFileType = sourcecode.c.objc; path = MagnetDelegate.m; sourceTree = "<group>"; };
		0E7F1EA61B742373003808B4 /* MagnetMessage.h */ = {isa = PBXFileReference; fileEncoding = 4; lastKnownFileType = sourcecode.c.h; path = MagnetMessage.h; sourceTree = "<group>"; };
		0E7F1EA71B742373003808B4 /* MagnetMessage.m */ = {isa = PBXFileReference; fileEncoding = 4; lastKnownFileType = sourcecode.c.objc; path = MagnetMessage.m; sourceTree = "<group>"; };
		0E7F1EA81B742373003808B4 /* MMXChannel.h */ = {isa = PBXFileReference; fileEncoding = 4; lastKnownFileType = sourcecode.c.h; path = MMXChannel.h; sourceTree = "<group>"; };
		0E7F1EA91B742373003808B4 /* MMXChannel.m */ = {isa = PBXFileReference; fileEncoding = 4; lastKnownFileType = sourcecode.c.objc; path = MMXChannel.m; sourceTree = "<group>"; };
		0E7F1EAA1B742373003808B4 /* MMXMessage.h */ = {isa = PBXFileReference; fileEncoding = 4; lastKnownFileType = sourcecode.c.h; path = MMXMessage.h; sourceTree = "<group>"; };
		0E7F1EAB1B742373003808B4 /* MMXMessage.m */ = {isa = PBXFileReference; fileEncoding = 4; lastKnownFileType = sourcecode.c.objc; path = MMXMessage.m; sourceTree = "<group>"; };
		0E7F1EAC1B742373003808B4 /* MMXMessage_Private.h */ = {isa = PBXFileReference; fileEncoding = 4; lastKnownFileType = sourcecode.c.h; path = MMXMessage_Private.h; sourceTree = "<group>"; };
		0E7F1EAD1B742373003808B4 /* MMXUser.h */ = {isa = PBXFileReference; fileEncoding = 4; lastKnownFileType = sourcecode.c.h; path = MMXUser.h; sourceTree = "<group>"; };
		0E7F1EAE1B742373003808B4 /* MMXUser.m */ = {isa = PBXFileReference; fileEncoding = 4; lastKnownFileType = sourcecode.c.objc; path = MMXUser.m; sourceTree = "<group>"; };
		0E8339341A78480800131CF3 /* MMXClientSpec.m */ = {isa = PBXFileReference; fileEncoding = 4; lastKnownFileType = sourcecode.c.objc; path = MMXClientSpec.m; sourceTree = "<group>"; };
		0E8B4E031A6F2F370000A7C3 /* libMMX.a */ = {isa = PBXFileReference; explicitFileType = archive.ar; includeInIndex = 0; path = libMMX.a; sourceTree = BUILT_PRODUCTS_DIR; };
		0E8B4E0E1A6F2F370000A7C3 /* MMXTests.xctest */ = {isa = PBXFileReference; explicitFileType = wrapper.cfbundle; includeInIndex = 0; path = MMXTests.xctest; sourceTree = BUILT_PRODUCTS_DIR; };
		0E8B4E141A6F2F370000A7C3 /* Info.plist */ = {isa = PBXFileReference; lastKnownFileType = text.plist.xml; path = Info.plist; sourceTree = "<group>"; };
		0E91FF441A8184160055F77F /* MMXDeviceManagerSpec.m */ = {isa = PBXFileReference; fileEncoding = 4; lastKnownFileType = sourcecode.c.objc; path = MMXDeviceManagerSpec.m; sourceTree = "<group>"; };
		0E98DC211AE087BC00C1A519 /* MMXTests-Bridging-Header.h */ = {isa = PBXFileReference; lastKnownFileType = sourcecode.c.h; path = "MMXTests-Bridging-Header.h"; sourceTree = "<group>"; };
		0EA201FB1AF838E1004018AE /* XMPPIQ+MMX.h */ = {isa = PBXFileReference; fileEncoding = 4; lastKnownFileType = sourcecode.c.h; path = "XMPPIQ+MMX.h"; sourceTree = "<group>"; };
		0EA201FC1AF838E1004018AE /* XMPPIQ+MMX.m */ = {isa = PBXFileReference; fileEncoding = 4; lastKnownFileType = sourcecode.c.objc; path = "XMPPIQ+MMX.m"; sourceTree = "<group>"; };
		0EA201FD1AF838E1004018AE /* XMPPJID+MMX.h */ = {isa = PBXFileReference; fileEncoding = 4; lastKnownFileType = sourcecode.c.h; path = "XMPPJID+MMX.h"; sourceTree = "<group>"; };
		0EA201FE1AF838E1004018AE /* XMPPJID+MMX.m */ = {isa = PBXFileReference; fileEncoding = 4; lastKnownFileType = sourcecode.c.objc; path = "XMPPJID+MMX.m"; sourceTree = "<group>"; };
		0EA202001AF838E1004018AE /* MMXConfiguration.h */ = {isa = PBXFileReference; fileEncoding = 4; lastKnownFileType = sourcecode.c.h; path = MMXConfiguration.h; sourceTree = "<group>"; };
		0EA202011AF838E1004018AE /* MMXConfiguration.m */ = {isa = PBXFileReference; fileEncoding = 4; lastKnownFileType = sourcecode.c.objc; path = MMXConfiguration.m; sourceTree = "<group>"; };
		0EA202021AF838E1004018AE /* MMXConfigurationRegistry.h */ = {isa = PBXFileReference; fileEncoding = 4; lastKnownFileType = sourcecode.c.h; path = MMXConfigurationRegistry.h; sourceTree = "<group>"; };
		0EA202031AF838E1004018AE /* MMXConfigurationRegistry.m */ = {isa = PBXFileReference; fileEncoding = 4; lastKnownFileType = sourcecode.c.objc; path = MMXConfigurationRegistry.m; sourceTree = "<group>"; };
		0EA202051AF838E1004018AE /* MMXConstants.h */ = {isa = PBXFileReference; fileEncoding = 4; lastKnownFileType = sourcecode.c.h; path = MMXConstants.h; sourceTree = "<group>"; };
		0EA202061AF838E1004018AE /* MMXConstants.m */ = {isa = PBXFileReference; fileEncoding = 4; lastKnownFileType = sourcecode.c.objc; path = MMXConstants.m; sourceTree = "<group>"; };
		0EA202071AF838E1004018AE /* MMXErrorSeverityEnum.h */ = {isa = PBXFileReference; fileEncoding = 4; lastKnownFileType = sourcecode.c.h; path = MMXErrorSeverityEnum.h; sourceTree = "<group>"; };
		0EA202091AF838E1004018AE /* _MMXOutboxEntry.h */ = {isa = PBXFileReference; fileEncoding = 4; lastKnownFileType = sourcecode.c.h; path = _MMXOutboxEntry.h; sourceTree = "<group>"; };
		0EA2020A1AF838E1004018AE /* _MMXOutboxEntry.m */ = {isa = PBXFileReference; fileEncoding = 4; lastKnownFileType = sourcecode.c.objc; path = _MMXOutboxEntry.m; sourceTree = "<group>"; };
		0EA2020C1AF838E1004018AE /* MMX.xcdatamodel */ = {isa = PBXFileReference; lastKnownFileType = wrapper.xcdatamodel; path = MMX.xcdatamodel; sourceTree = "<group>"; };
		0EA2020D1AF838E1004018AE /* MMXDataModel.h */ = {isa = PBXFileReference; fileEncoding = 4; lastKnownFileType = sourcecode.c.h; path = MMXDataModel.h; sourceTree = "<group>"; };
		0EA2020E1AF838E1004018AE /* MMXDataModel.m */ = {isa = PBXFileReference; fileEncoding = 4; lastKnownFileType = sourcecode.c.objc; path = MMXDataModel.m; sourceTree = "<group>"; };
		0EA2020F1AF838E1004018AE /* MMXKeyedArchiver.h */ = {isa = PBXFileReference; fileEncoding = 4; lastKnownFileType = sourcecode.c.h; path = MMXKeyedArchiver.h; sourceTree = "<group>"; };
		0EA202101AF838E1004018AE /* MMXKeyedArchiver.m */ = {isa = PBXFileReference; fileEncoding = 4; lastKnownFileType = sourcecode.c.objc; path = MMXKeyedArchiver.m; sourceTree = "<group>"; };
		0EA202111AF838E1004018AE /* MMXKeyedUnarchiver.h */ = {isa = PBXFileReference; fileEncoding = 4; lastKnownFileType = sourcecode.c.h; path = MMXKeyedUnarchiver.h; sourceTree = "<group>"; };
		0EA202121AF838E1004018AE /* MMXKeyedUnarchiver.m */ = {isa = PBXFileReference; fileEncoding = 4; lastKnownFileType = sourcecode.c.objc; path = MMXKeyedUnarchiver.m; sourceTree = "<group>"; };
		0EA202131AF838E1004018AE /* MMXOutboxEntry.h */ = {isa = PBXFileReference; fileEncoding = 4; lastKnownFileType = sourcecode.c.h; path = MMXOutboxEntry.h; sourceTree = "<group>"; };
		0EA202141AF838E1004018AE /* MMXOutboxEntry.m */ = {isa = PBXFileReference; fileEncoding = 4; lastKnownFileType = sourcecode.c.objc; path = MMXOutboxEntry.m; sourceTree = "<group>"; };
		0EA202151AF838E1004018AE /* MMXOutboxTransformer.h */ = {isa = PBXFileReference; fileEncoding = 4; lastKnownFileType = sourcecode.c.h; path = MMXOutboxTransformer.h; sourceTree = "<group>"; };
		0EA202161AF838E1004018AE /* MMXOutboxTransformer.m */ = {isa = PBXFileReference; fileEncoding = 4; lastKnownFileType = sourcecode.c.objc; path = MMXOutboxTransformer.m; sourceTree = "<group>"; };
		0EA202191AF838E1004018AE /* MMXAddressable.h */ = {isa = PBXFileReference; fileEncoding = 4; lastKnownFileType = sourcecode.c.h; path = MMXAddressable.h; sourceTree = "<group>"; };
		0EA2021A1AF838E1004018AE /* MMXEndpoint.h */ = {isa = PBXFileReference; fileEncoding = 4; lastKnownFileType = sourcecode.c.h; path = MMXEndpoint.h; sourceTree = "<group>"; };
		0EA2021B1AF838E1004018AE /* MMXEndpoint.m */ = {isa = PBXFileReference; fileEncoding = 4; lastKnownFileType = sourcecode.c.objc; path = MMXEndpoint.m; sourceTree = "<group>"; };
		0EA2021C1AF838E1004018AE /* MMXEndpoint_Private.h */ = {isa = PBXFileReference; fileEncoding = 4; lastKnownFileType = sourcecode.c.h; path = MMXEndpoint_Private.h; sourceTree = "<group>"; };
		0EA2021D1AF838E1004018AE /* MMXUserID.h */ = {isa = PBXFileReference; fileEncoding = 4; lastKnownFileType = sourcecode.c.h; path = MMXUserID.h; sourceTree = "<group>"; };
		0EA2021E1AF838E1004018AE /* MMXUserID.m */ = {isa = PBXFileReference; fileEncoding = 4; lastKnownFileType = sourcecode.c.objc; path = MMXUserID.m; sourceTree = "<group>"; };
		0EA2021F1AF838E1004018AE /* MMXUserID_Private.h */ = {isa = PBXFileReference; fileEncoding = 4; lastKnownFileType = sourcecode.c.h; path = MMXUserID_Private.h; sourceTree = "<group>"; };
		0EA202221AF838E1004018AE /* MMXInboundMessage.h */ = {isa = PBXFileReference; fileEncoding = 4; lastKnownFileType = sourcecode.c.h; path = MMXInboundMessage.h; sourceTree = "<group>"; };
		0EA202231AF838E1004018AE /* MMXInboundMessage.m */ = {isa = PBXFileReference; fileEncoding = 4; lastKnownFileType = sourcecode.c.objc; path = MMXInboundMessage.m; sourceTree = "<group>"; };
		0EA202241AF838E1004018AE /* MMXInboundMessage_Private.h */ = {isa = PBXFileReference; fileEncoding = 4; lastKnownFileType = sourcecode.c.h; path = MMXInboundMessage_Private.h; sourceTree = "<group>"; };
		0EA202251AF838E1004018AE /* MMXMessageOptions.h */ = {isa = PBXFileReference; fileEncoding = 4; lastKnownFileType = sourcecode.c.h; path = MMXMessageOptions.h; sourceTree = "<group>"; };
		0EA202261AF838E1004018AE /* MMXMessageOptions.m */ = {isa = PBXFileReference; fileEncoding = 4; lastKnownFileType = sourcecode.c.objc; path = MMXMessageOptions.m; sourceTree = "<group>"; };
		0EA202271AF838E1004018AE /* MMXMessageOptions_Private.h */ = {isa = PBXFileReference; fileEncoding = 4; lastKnownFileType = sourcecode.c.h; path = MMXMessageOptions_Private.h; sourceTree = "<group>"; };
		0EA202281AF838E1004018AE /* MMXOutboundMessage.h */ = {isa = PBXFileReference; fileEncoding = 4; lastKnownFileType = sourcecode.c.h; path = MMXOutboundMessage.h; sourceTree = "<group>"; };
		0EA202291AF838E1004018AE /* MMXOutboundMessage.m */ = {isa = PBXFileReference; fileEncoding = 4; lastKnownFileType = sourcecode.c.objc; path = MMXOutboundMessage.m; sourceTree = "<group>"; };
		0EA2022A1AF838E1004018AE /* MMXOutboundMessage_Private.h */ = {isa = PBXFileReference; fileEncoding = 4; lastKnownFileType = sourcecode.c.h; path = MMXOutboundMessage_Private.h; sourceTree = "<group>"; };
		0EA2022B1AF838E1004018AE /* MMXClient.h */ = {isa = PBXFileReference; fileEncoding = 4; lastKnownFileType = sourcecode.c.h; path = MMXClient.h; sourceTree = "<group>"; };
		0EA2022C1AF838E1004018AE /* MMXClient.m */ = {isa = PBXFileReference; fileEncoding = 4; lastKnownFileType = sourcecode.c.objc; path = MMXClient.m; sourceTree = "<group>"; };
		0EA2022D1AF838E1004018AE /* MMXClient_Private.h */ = {isa = PBXFileReference; fileEncoding = 4; lastKnownFileType = sourcecode.c.h; path = MMXClient_Private.h; sourceTree = "<group>"; };
		0EA2022E1AF838E1004018AE /* MMXInternalAck.h */ = {isa = PBXFileReference; fileEncoding = 4; lastKnownFileType = sourcecode.c.h; path = MMXInternalAck.h; sourceTree = "<group>"; };
		0EA2022F1AF838E1004018AE /* MMXInternalAck.m */ = {isa = PBXFileReference; fileEncoding = 4; lastKnownFileType = sourcecode.c.objc; path = MMXInternalAck.m; sourceTree = "<group>"; };
		0EA202301AF838E1004018AE /* MMXIQResponse.h */ = {isa = PBXFileReference; fileEncoding = 4; lastKnownFileType = sourcecode.c.h; path = MMXIQResponse.h; sourceTree = "<group>"; };
		0EA202311AF838E1004018AE /* MMXIQResponse.m */ = {isa = PBXFileReference; fileEncoding = 4; lastKnownFileType = sourcecode.c.objc; path = MMXIQResponse.m; sourceTree = "<group>"; };
		0EA202321AF838E1004018AE /* MMXInternalMessageAdaptor.h */ = {isa = PBXFileReference; fileEncoding = 4; lastKnownFileType = sourcecode.c.h; path = MMXInternalMessageAdaptor.h; sourceTree = "<group>"; };
		0EA202331AF838E1004018AE /* MMXInternalMessageAdaptor.m */ = {isa = PBXFileReference; fileEncoding = 4; lastKnownFileType = sourcecode.c.objc; path = MMXInternalMessageAdaptor.m; sourceTree = "<group>"; };
		0EA202341AF838E1004018AE /* MMXInternalMessageAdaptor_Private.h */ = {isa = PBXFileReference; fileEncoding = 4; lastKnownFileType = sourcecode.c.h; path = MMXInternalMessageAdaptor_Private.h; sourceTree = "<group>"; };
		0EA202351AF838E1004018AE /* MMXMessageStateQueryResponse.h */ = {isa = PBXFileReference; fileEncoding = 4; lastKnownFileType = sourcecode.c.h; path = MMXMessageStateQueryResponse.h; sourceTree = "<group>"; };
		0EA202361AF838E1004018AE /* MMXMessageStateQueryResponse.m */ = {isa = PBXFileReference; fileEncoding = 4; lastKnownFileType = sourcecode.c.objc; path = MMXMessageStateQueryResponse.m; sourceTree = "<group>"; };
		0EA202371AF838E1004018AE /* MMXMessageStateQueryResponse_Private.h */ = {isa = PBXFileReference; fileEncoding = 4; lastKnownFileType = sourcecode.c.h; path = MMXMessageStateQueryResponse_Private.h; sourceTree = "<group>"; };
		0EA202391AF838E1004018AE /* MMXQuery.h */ = {isa = PBXFileReference; fileEncoding = 4; lastKnownFileType = sourcecode.c.h; path = MMXQuery.h; sourceTree = "<group>"; };
		0EA2023A1AF838E1004018AE /* MMXQuery.m */ = {isa = PBXFileReference; fileEncoding = 4; lastKnownFileType = sourcecode.c.objc; path = MMXQuery.m; sourceTree = "<group>"; };
		0EA2023B1AF838E1004018AE /* MMXQuery_Private.h */ = {isa = PBXFileReference; fileEncoding = 4; lastKnownFileType = sourcecode.c.h; path = MMXQuery_Private.h; sourceTree = "<group>"; };
		0EA2023C1AF838E1004018AE /* MMXQueryFilter.h */ = {isa = PBXFileReference; fileEncoding = 4; lastKnownFileType = sourcecode.c.h; path = MMXQueryFilter.h; sourceTree = "<group>"; };
		0EA2023D1AF838E1004018AE /* MMXQueryFilter.m */ = {isa = PBXFileReference; fileEncoding = 4; lastKnownFileType = sourcecode.c.objc; path = MMXQueryFilter.m; sourceTree = "<group>"; };
		0EA2023E1AF838E1004018AE /* MMXQueryFilter_Private.h */ = {isa = PBXFileReference; fileEncoding = 4; lastKnownFileType = sourcecode.c.h; path = MMXQueryFilter_Private.h; sourceTree = "<group>"; };
		0EA202401AF838E1004018AE /* MMXDeviceManager.h */ = {isa = PBXFileReference; fileEncoding = 4; lastKnownFileType = sourcecode.c.h; path = MMXDeviceManager.h; sourceTree = "<group>"; };
		0EA202411AF838E1004018AE /* MMXDeviceManager.m */ = {isa = PBXFileReference; fileEncoding = 4; lastKnownFileType = sourcecode.c.objc; path = MMXDeviceManager.m; sourceTree = "<group>"; };
		0EA202421AF838E1004018AE /* MMXDeviceManager_Private.h */ = {isa = PBXFileReference; fileEncoding = 4; lastKnownFileType = sourcecode.c.h; path = MMXDeviceManager_Private.h; sourceTree = "<group>"; };
		0EA202431AF838E1004018AE /* MMXDeviceProfile.h */ = {isa = PBXFileReference; fileEncoding = 4; lastKnownFileType = sourcecode.c.h; path = MMXDeviceProfile.h; sourceTree = "<group>"; };
		0EA202441AF838E1004018AE /* MMXDeviceProfile.m */ = {isa = PBXFileReference; fileEncoding = 4; lastKnownFileType = sourcecode.c.objc; path = MMXDeviceProfile.m; sourceTree = "<group>"; };
		0EA202451AF838E1004018AE /* MMXDeviceProfile_Private.h */ = {isa = PBXFileReference; fileEncoding = 4; lastKnownFileType = sourcecode.c.h; path = MMXDeviceProfile_Private.h; sourceTree = "<group>"; };
		0EA202461AF838E1004018AE /* MMXDeviceQueryResponse.h */ = {isa = PBXFileReference; fileEncoding = 4; lastKnownFileType = sourcecode.c.h; path = MMXDeviceQueryResponse.h; sourceTree = "<group>"; };
		0EA202471AF838E1004018AE /* MMXDeviceQueryResponse.m */ = {isa = PBXFileReference; fileEncoding = 4; lastKnownFileType = sourcecode.c.objc; path = MMXDeviceQueryResponse.m; sourceTree = "<group>"; };
		0EA202491AF838E1004018AE /* MMXLogger.h */ = {isa = PBXFileReference; fileEncoding = 4; lastKnownFileType = sourcecode.c.h; path = MMXLogger.h; sourceTree = "<group>"; };
		0EA2024A1AF838E1004018AE /* MMXLogger.m */ = {isa = PBXFileReference; fileEncoding = 4; lastKnownFileType = sourcecode.c.objc; path = MMXLogger.m; sourceTree = "<group>"; };
		0EA2024B1AF838E1004018AE /* MMX.h */ = {isa = PBXFileReference; fileEncoding = 4; lastKnownFileType = sourcecode.c.h; path = MMX.h; sourceTree = "<group>"; };
		0EA2024D1AF838E1004018AE /* MMXRemoteNotification.h */ = {isa = PBXFileReference; fileEncoding = 4; lastKnownFileType = sourcecode.c.h; path = MMXRemoteNotification.h; sourceTree = "<group>"; };
		0EA2024E1AF838E1004018AE /* MMXRemoteNotification.m */ = {isa = PBXFileReference; fileEncoding = 4; lastKnownFileType = sourcecode.c.objc; path = MMXRemoteNotification.m; sourceTree = "<group>"; };
		0EA202501AF838E1004018AE /* MMXGeoLocationMessage.h */ = {isa = PBXFileReference; fileEncoding = 4; lastKnownFileType = sourcecode.c.h; path = MMXGeoLocationMessage.h; sourceTree = "<group>"; };
		0EA202511AF838E1004018AE /* MMXGeoLocationMessage.m */ = {isa = PBXFileReference; fileEncoding = 4; lastKnownFileType = sourcecode.c.objc; path = MMXGeoLocationMessage.m; sourceTree = "<group>"; };
		0EA202521AF838E1004018AE /* MMXGeoLocationMessage_Private.h */ = {isa = PBXFileReference; fileEncoding = 4; lastKnownFileType = sourcecode.c.h; path = MMXGeoLocationMessage_Private.h; sourceTree = "<group>"; };
		0EA202531AF838E1004018AE /* MMXPubSubFetchRequest.h */ = {isa = PBXFileReference; fileEncoding = 4; lastKnownFileType = sourcecode.c.h; path = MMXPubSubFetchRequest.h; sourceTree = "<group>"; };
		0EA202541AF838E1004018AE /* MMXPubSubFetchRequest.m */ = {isa = PBXFileReference; fileEncoding = 4; lastKnownFileType = sourcecode.c.objc; path = MMXPubSubFetchRequest.m; sourceTree = "<group>"; };
		0EA202551AF838E1004018AE /* MMXPubSubFetchRequest_Private.h */ = {isa = PBXFileReference; fileEncoding = 4; lastKnownFileType = sourcecode.c.h; path = MMXPubSubFetchRequest_Private.h; sourceTree = "<group>"; };
		0EA202561AF838E1004018AE /* MMXPubSubManager.h */ = {isa = PBXFileReference; fileEncoding = 4; lastKnownFileType = sourcecode.c.h; path = MMXPubSubManager.h; sourceTree = "<group>"; };
		0EA202571AF838E1004018AE /* MMXPubSubManager.m */ = {isa = PBXFileReference; fileEncoding = 4; lastKnownFileType = sourcecode.c.objc; path = MMXPubSubManager.m; sourceTree = "<group>"; };
		0EA202581AF838E1004018AE /* MMXPubSubManager_Private.h */ = {isa = PBXFileReference; fileEncoding = 4; lastKnownFileType = sourcecode.c.h; path = MMXPubSubManager_Private.h; sourceTree = "<group>"; };
		0EA202591AF838E1004018AE /* MMXPubSubMessage.h */ = {isa = PBXFileReference; fileEncoding = 4; lastKnownFileType = sourcecode.c.h; path = MMXPubSubMessage.h; sourceTree = "<group>"; };
		0EA2025A1AF838E1004018AE /* MMXPubSubMessage.m */ = {isa = PBXFileReference; fileEncoding = 4; lastKnownFileType = sourcecode.c.objc; path = MMXPubSubMessage.m; sourceTree = "<group>"; };
		0EA2025B1AF838E1004018AE /* MMXPubSubMessage_Private.h */ = {isa = PBXFileReference; fileEncoding = 4; lastKnownFileType = sourcecode.c.h; path = MMXPubSubMessage_Private.h; sourceTree = "<group>"; };
		0EA2025C1AF838E1004018AE /* MMXTopic.h */ = {isa = PBXFileReference; fileEncoding = 4; lastKnownFileType = sourcecode.c.h; path = MMXTopic.h; sourceTree = "<group>"; };
		0EA2025D1AF838E1004018AE /* MMXTopic.m */ = {isa = PBXFileReference; fileEncoding = 4; lastKnownFileType = sourcecode.c.objc; path = MMXTopic.m; sourceTree = "<group>"; };
		0EA2025E1AF838E1004018AE /* MMXTopic_Private.h */ = {isa = PBXFileReference; fileEncoding = 4; lastKnownFileType = sourcecode.c.h; path = MMXTopic_Private.h; sourceTree = "<group>"; };
		0EA2025F1AF838E1004018AE /* MMXTopicListResponse.h */ = {isa = PBXFileReference; fileEncoding = 4; lastKnownFileType = sourcecode.c.h; path = MMXTopicListResponse.h; sourceTree = "<group>"; };
		0EA202601AF838E1004018AE /* MMXTopicListResponse.m */ = {isa = PBXFileReference; fileEncoding = 4; lastKnownFileType = sourcecode.c.objc; path = MMXTopicListResponse.m; sourceTree = "<group>"; };
		0EA202621AF838E1004018AE /* MMXTopicQueryFilter.h */ = {isa = PBXFileReference; fileEncoding = 4; lastKnownFileType = sourcecode.c.h; path = MMXTopicQueryFilter.h; sourceTree = "<group>"; };
		0EA202631AF838E1004018AE /* MMXTopicQueryFilter.m */ = {isa = PBXFileReference; fileEncoding = 4; lastKnownFileType = sourcecode.c.objc; path = MMXTopicQueryFilter.m; sourceTree = "<group>"; };
		0EA202641AF838E1004018AE /* MMXTopicQueryFilter_Private.h */ = {isa = PBXFileReference; fileEncoding = 4; lastKnownFileType = sourcecode.c.h; path = MMXTopicQueryFilter_Private.h; sourceTree = "<group>"; };
		0EA202651AF838E1004018AE /* MMXTopicQueryResponse.h */ = {isa = PBXFileReference; fileEncoding = 4; lastKnownFileType = sourcecode.c.h; path = MMXTopicQueryResponse.h; sourceTree = "<group>"; };
		0EA202661AF838E1004018AE /* MMXTopicQueryResponse.m */ = {isa = PBXFileReference; fileEncoding = 4; lastKnownFileType = sourcecode.c.objc; path = MMXTopicQueryResponse.m; sourceTree = "<group>"; };
		0EA202671AF838E1004018AE /* MMXTopicQueryResponse_Private.h */ = {isa = PBXFileReference; fileEncoding = 4; lastKnownFileType = sourcecode.c.h; path = MMXTopicQueryResponse_Private.h; sourceTree = "<group>"; };
		0EA202691AF838E1004018AE /* MMXSubscriptionListResponse.h */ = {isa = PBXFileReference; fileEncoding = 4; lastKnownFileType = sourcecode.c.h; path = MMXSubscriptionListResponse.h; sourceTree = "<group>"; };
		0EA2026A1AF838E1004018AE /* MMXSubscriptionListResponse.m */ = {isa = PBXFileReference; fileEncoding = 4; lastKnownFileType = sourcecode.c.objc; path = MMXSubscriptionListResponse.m; sourceTree = "<group>"; };
		0EA2026B1AF838E1004018AE /* MMXSubscriptionResponse.h */ = {isa = PBXFileReference; fileEncoding = 4; lastKnownFileType = sourcecode.c.h; path = MMXSubscriptionResponse.h; sourceTree = "<group>"; };
		0EA2026C1AF838E1004018AE /* MMXSubscriptionResponse.m */ = {isa = PBXFileReference; fileEncoding = 4; lastKnownFileType = sourcecode.c.objc; path = MMXSubscriptionResponse.m; sourceTree = "<group>"; };
		0EA2026D1AF838E1004018AE /* MMXSubscriptionResponse_Private.h */ = {isa = PBXFileReference; fileEncoding = 4; lastKnownFileType = sourcecode.c.h; path = MMXSubscriptionResponse_Private.h; sourceTree = "<group>"; };
		0EA2026E1AF838E1004018AE /* MMXTopicSubscription.h */ = {isa = PBXFileReference; fileEncoding = 4; lastKnownFileType = sourcecode.c.h; path = MMXTopicSubscription.h; sourceTree = "<group>"; };
		0EA2026F1AF838E1004018AE /* MMXTopicSubscription.m */ = {isa = PBXFileReference; fileEncoding = 4; lastKnownFileType = sourcecode.c.objc; path = MMXTopicSubscription.m; sourceTree = "<group>"; };
		0EA202701AF838E1004018AE /* MMXTopicSubscription_Private.h */ = {isa = PBXFileReference; fileEncoding = 4; lastKnownFileType = sourcecode.c.h; path = MMXTopicSubscription_Private.h; sourceTree = "<group>"; };
		0EA202721AF838E1004018AE /* MMXTopicSummary.h */ = {isa = PBXFileReference; fileEncoding = 4; lastKnownFileType = sourcecode.c.h; path = MMXTopicSummary.h; sourceTree = "<group>"; };
		0EA202731AF838E1004018AE /* MMXTopicSummary.m */ = {isa = PBXFileReference; fileEncoding = 4; lastKnownFileType = sourcecode.c.objc; path = MMXTopicSummary.m; sourceTree = "<group>"; };
		0EA202741AF838E1004018AE /* MMXTopicSummary_Private.h */ = {isa = PBXFileReference; fileEncoding = 4; lastKnownFileType = sourcecode.c.h; path = MMXTopicSummary_Private.h; sourceTree = "<group>"; };
		0EA202751AF838E1004018AE /* MMXTopicSummaryRequestResponse.h */ = {isa = PBXFileReference; fileEncoding = 4; lastKnownFileType = sourcecode.c.h; path = MMXTopicSummaryRequestResponse.h; sourceTree = "<group>"; };
		0EA202761AF838E1004018AE /* MMXTopicSummaryRequestResponse.m */ = {isa = PBXFileReference; fileEncoding = 4; lastKnownFileType = sourcecode.c.objc; path = MMXTopicSummaryRequestResponse.m; sourceTree = "<group>"; };
		0EA202781AF838E1004018AE /* MMXAccountManager.h */ = {isa = PBXFileReference; fileEncoding = 4; lastKnownFileType = sourcecode.c.h; path = MMXAccountManager.h; sourceTree = "<group>"; };
		0EA202791AF838E1004018AE /* MMXAccountManager.m */ = {isa = PBXFileReference; fileEncoding = 4; lastKnownFileType = sourcecode.c.objc; path = MMXAccountManager.m; sourceTree = "<group>"; };
		0EA2027A1AF838E1004018AE /* MMXAccountManager_Private.h */ = {isa = PBXFileReference; fileEncoding = 4; lastKnownFileType = sourcecode.c.h; path = MMXAccountManager_Private.h; sourceTree = "<group>"; };
		0EA2027B1AF838E1004018AE /* MMXUserProfile.h */ = {isa = PBXFileReference; fileEncoding = 4; lastKnownFileType = sourcecode.c.h; path = MMXUserProfile.h; sourceTree = "<group>"; };
		0EA2027C1AF838E1004018AE /* MMXUserProfile.m */ = {isa = PBXFileReference; fileEncoding = 4; lastKnownFileType = sourcecode.c.objc; path = MMXUserProfile.m; sourceTree = "<group>"; };
		0EA2027D1AF838E1004018AE /* MMXUserProfile_Private.h */ = {isa = PBXFileReference; fileEncoding = 4; lastKnownFileType = sourcecode.c.h; path = MMXUserProfile_Private.h; sourceTree = "<group>"; };
		0EA2027E1AF838E1004018AE /* MMXUserQueryFilter.h */ = {isa = PBXFileReference; fileEncoding = 4; lastKnownFileType = sourcecode.c.h; path = MMXUserQueryFilter.h; sourceTree = "<group>"; };
		0EA2027F1AF838E1004018AE /* MMXUserQueryFilter.m */ = {isa = PBXFileReference; fileEncoding = 4; lastKnownFileType = sourcecode.c.objc; path = MMXUserQueryFilter.m; sourceTree = "<group>"; };
		0EA202801AF838E1004018AE /* MMXUserQueryFilter_Private.h */ = {isa = PBXFileReference; fileEncoding = 4; lastKnownFileType = sourcecode.c.h; path = MMXUserQueryFilter_Private.h; sourceTree = "<group>"; };
		0EA202811AF838E1004018AE /* MMXUserQueryResponse.h */ = {isa = PBXFileReference; fileEncoding = 4; lastKnownFileType = sourcecode.c.h; path = MMXUserQueryResponse.h; sourceTree = "<group>"; };
		0EA202821AF838E1004018AE /* MMXUserQueryResponse.m */ = {isa = PBXFileReference; fileEncoding = 4; lastKnownFileType = sourcecode.c.objc; path = MMXUserQueryResponse.m; sourceTree = "<group>"; };
		0EA202831AF838E1004018AE /* MMXUserQueryResponse_Private.h */ = {isa = PBXFileReference; fileEncoding = 4; lastKnownFileType = sourcecode.c.h; path = MMXUserQueryResponse_Private.h; sourceTree = "<group>"; };
		0EA202851AF838E1004018AE /* MMXAssert.h */ = {isa = PBXFileReference; fileEncoding = 4; lastKnownFileType = sourcecode.c.h; path = MMXAssert.h; sourceTree = "<group>"; };
		0EA202861AF838E1004018AE /* MMXiso8601DateTransformer.h */ = {isa = PBXFileReference; fileEncoding = 4; lastKnownFileType = sourcecode.c.h; path = MMXiso8601DateTransformer.h; sourceTree = "<group>"; };
		0EA202871AF838E1004018AE /* MMXiso8601DateTransformer.m */ = {isa = PBXFileReference; fileEncoding = 4; lastKnownFileType = sourcecode.c.objc; path = MMXiso8601DateTransformer.m; sourceTree = "<group>"; };
		0EA202881AF838E1004018AE /* MMXMessageUtils.h */ = {isa = PBXFileReference; fileEncoding = 4; lastKnownFileType = sourcecode.c.h; path = MMXMessageUtils.h; sourceTree = "<group>"; };
		0EA202891AF838E1004018AE /* MMXMessageUtils.m */ = {isa = PBXFileReference; fileEncoding = 4; lastKnownFileType = sourcecode.c.objc; path = MMXMessageUtils.m; sourceTree = "<group>"; };
		0EA2028A1AF838E1004018AE /* MMXTestingUtils.h */ = {isa = PBXFileReference; fileEncoding = 4; lastKnownFileType = sourcecode.c.h; path = MMXTestingUtils.h; sourceTree = "<group>"; };
		0EA2028B1AF838E1004018AE /* MMXTestingUtils.m */ = {isa = PBXFileReference; fileEncoding = 4; lastKnownFileType = sourcecode.c.objc; path = MMXTestingUtils.m; sourceTree = "<group>"; };
		0EA2028C1AF838E1004018AE /* MMXUtils.h */ = {isa = PBXFileReference; fileEncoding = 4; lastKnownFileType = sourcecode.c.h; path = MMXUtils.h; sourceTree = "<group>"; };
		0EA2028D1AF838E1004018AE /* MMXUtils.m */ = {isa = PBXFileReference; fileEncoding = 4; lastKnownFileType = sourcecode.c.objc; path = MMXUtils.m; sourceTree = "<group>"; };
		0EA7C83E1B7D09400041C2D3 /* MMXAsyncOperation.h */ = {isa = PBXFileReference; fileEncoding = 4; lastKnownFileType = sourcecode.c.h; path = MMXAsyncOperation.h; sourceTree = "<group>"; };
		0EA7C83F1B7D09400041C2D3 /* MMXAsyncOperation.m */ = {isa = PBXFileReference; fileEncoding = 4; lastKnownFileType = sourcecode.c.objc; path = MMXAsyncOperation.m; sourceTree = "<group>"; };
		0EA7C8411B7D0B490041C2D3 /* MMXConnectionOperation.h */ = {isa = PBXFileReference; fileEncoding = 4; lastKnownFileType = sourcecode.c.h; path = MMXConnectionOperation.h; sourceTree = "<group>"; };
		0EA7C8421B7D0B490041C2D3 /* MMXConnectionOperation.m */ = {isa = PBXFileReference; fileEncoding = 4; lastKnownFileType = sourcecode.c.objc; path = MMXConnectionOperation.m; sourceTree = "<group>"; };
		0EA7C8471B7D14A20041C2D3 /* MMXLogInOperation.h */ = {isa = PBXFileReference; fileEncoding = 4; lastKnownFileType = sourcecode.c.h; path = MMXLogInOperation.h; sourceTree = "<group>"; };
		0EA7C8481B7D14A20041C2D3 /* MMXLogInOperation.m */ = {isa = PBXFileReference; fileEncoding = 4; lastKnownFileType = sourcecode.c.objc; path = MMXLogInOperation.m; sourceTree = "<group>"; };
		0EB377541ACDFA5000137977 /* MMXAccountManagerSpec.m */ = {isa = PBXFileReference; fileEncoding = 4; lastKnownFileType = sourcecode.c.objc; path = MMXAccountManagerSpec.m; sourceTree = "<group>"; };
		0EDE8D871AA0D74000CB16AF /* MMXPubSubManagerSpec.m */ = {isa = PBXFileReference; fileEncoding = 4; lastKnownFileType = sourcecode.c.objc; path = MMXPubSubManagerSpec.m; sourceTree = "<group>"; };
		214A0D121A8D20DF00E6939A /* MMX.bundle */ = {isa = PBXFileReference; explicitFileType = wrapper.cfbundle; includeInIndex = 0; path = MMX.bundle; sourceTree = BUILT_PRODUCTS_DIR; };
		214A0D151A8D20DF00E6939A /* Info.plist */ = {isa = PBXFileReference; lastKnownFileType = text.plist.xml; path = Info.plist; sourceTree = "<group>"; };
		21540E5B1A7834B3004E961D /* MathSpec.m */ = {isa = PBXFileReference; fileEncoding = 4; lastKnownFileType = sourcecode.c.objc; path = MathSpec.m; sourceTree = "<group>"; };
		21540E621A799DD4004E961D /* MMXClientDelegateSpy.h */ = {isa = PBXFileReference; fileEncoding = 4; lastKnownFileType = sourcecode.c.h; path = MMXClientDelegateSpy.h; sourceTree = "<group>"; };
		21540E631A799DD4004E961D /* MMXClientDelegateSpy.m */ = {isa = PBXFileReference; fileEncoding = 4; lastKnownFileType = sourcecode.c.objc; path = MMXClientDelegateSpy.m; sourceTree = "<group>"; };
		21540E6E1A7ADBD6004E961D /* MMX.debug.xcconfig */ = {isa = PBXFileReference; fileEncoding = 4; lastKnownFileType = text.xcconfig; path = MMX.debug.xcconfig; sourceTree = "<group>"; };
		21540E6F1A7ADBD6004E961D /* MMX.framework.xcconfig */ = {isa = PBXFileReference; fileEncoding = 4; lastKnownFileType = text.xcconfig; path = MMX.framework.xcconfig; sourceTree = "<group>"; };
		21540E701A7ADBD6004E961D /* MMX.release.xcconfig */ = {isa = PBXFileReference; fileEncoding = 4; lastKnownFileType = text.xcconfig; path = MMX.release.xcconfig; sourceTree = "<group>"; };
		21540E711A7ADBD6004E961D /* MMX.shared.xcconfig */ = {isa = PBXFileReference; fileEncoding = 4; lastKnownFileType = text.xcconfig; path = MMX.shared.xcconfig; sourceTree = "<group>"; };
		21540E721A7ADBD6004E961D /* MMXTests.debug.xcconfig */ = {isa = PBXFileReference; fileEncoding = 4; lastKnownFileType = text.xcconfig; path = MMXTests.debug.xcconfig; sourceTree = "<group>"; };
		21540E731A7ADBD6004E961D /* MMXTests.release.xcconfig */ = {isa = PBXFileReference; fileEncoding = 4; lastKnownFileType = text.xcconfig; path = MMXTests.release.xcconfig; sourceTree = "<group>"; };
		21540E741A7ADBD6004E961D /* MMXTests.shared.xcconfig */ = {isa = PBXFileReference; fileEncoding = 4; lastKnownFileType = text.xcconfig; path = MMXTests.shared.xcconfig; sourceTree = "<group>"; };
		4678D5BADA8D36C8CA1C6E81 /* Pods.release.xcconfig */ = {isa = PBXFileReference; includeInIndex = 1; lastKnownFileType = text.xcconfig; name = Pods.release.xcconfig; path = "Pods/Target Support Files/Pods/Pods.release.xcconfig"; sourceTree = "<group>"; };
		49888CD5CB090DCBF2015866 /* Pods.debug.xcconfig */ = {isa = PBXFileReference; includeInIndex = 1; lastKnownFileType = text.xcconfig; name = Pods.debug.xcconfig; path = "Pods/Target Support Files/Pods/Pods.debug.xcconfig"; sourceTree = "<group>"; };
		660210CF931C18F4540212EC /* MMXRemoteNotificationSpec.m */ = {isa = PBXFileReference; fileEncoding = 4; lastKnownFileType = sourcecode.c.objc; path = MMXRemoteNotificationSpec.m; sourceTree = "<group>"; };
		66021455F4B619C01E078615 /* MMXDataModelSpec.m */ = {isa = PBXFileReference; fileEncoding = 4; lastKnownFileType = sourcecode.c.objc; path = MMXDataModelSpec.m; sourceTree = "<group>"; };
		660217D44535D31E2BE0C1FA /* MMXKeyedUnarchiverSpec.m */ = {isa = PBXFileReference; fileEncoding = 4; lastKnownFileType = sourcecode.c.objc; path = MMXKeyedUnarchiverSpec.m; sourceTree = "<group>"; };
		66021A53159259CBF0D9D85A /* MMXKeyedArchiverSpec.m */ = {isa = PBXFileReference; fileEncoding = 4; lastKnownFileType = sourcecode.c.objc; path = MMXKeyedArchiverSpec.m; sourceTree = "<group>"; };
		891308567E1F745BA145DC14 /* Pods-MMXTests.debug.xcconfig */ = {isa = PBXFileReference; includeInIndex = 1; lastKnownFileType = text.xcconfig; name = "Pods-MMXTests.debug.xcconfig"; path = "Pods/Target Support Files/Pods-MMXTests/Pods-MMXTests.debug.xcconfig"; sourceTree = "<group>"; };
		9BC4E4B121CF5E8A98B9E907 /* libPods.a */ = {isa = PBXFileReference; explicitFileType = archive.ar; includeInIndex = 0; path = libPods.a; sourceTree = BUILT_PRODUCTS_DIR; };
		A27D82B14CC60678AEEFDA13 /* Pods-MMXTests.release.xcconfig */ = {isa = PBXFileReference; includeInIndex = 1; lastKnownFileType = text.xcconfig; name = "Pods-MMXTests.release.xcconfig"; path = "Pods/Target Support Files/Pods-MMXTests/Pods-MMXTests.release.xcconfig"; sourceTree = "<group>"; };
		CD8F7441BDCF3041B7EA66D6 /* libPods-MMXTests.a */ = {isa = PBXFileReference; explicitFileType = archive.ar; includeInIndex = 0; path = "libPods-MMXTests.a"; sourceTree = BUILT_PRODUCTS_DIR; };
/* End PBXFileReference section */

/* Begin PBXFrameworksBuildPhase section */
		0E8B4E001A6F2F370000A7C3 /* Frameworks */ = {
			isa = PBXFrameworksBuildPhase;
			buildActionMask = 2147483647;
			files = (
			);
			runOnlyForDeploymentPostprocessing = 0;
		};
		0E8B4E0B1A6F2F370000A7C3 /* Frameworks */ = {
			isa = PBXFrameworksBuildPhase;
			buildActionMask = 2147483647;
			files = (
				21540E5E1A78359F004E961D /* libresolv.dylib in Frameworks */,
				0E8B4E0F1A6F2F370000A7C3 /* libMMX.a in Frameworks */,
				9883C47C8B415D9FCA446E6E /* libPods-MMXTests.a in Frameworks */,
			);
			runOnlyForDeploymentPostprocessing = 0;
		};
		214A0D0F1A8D20DF00E6939A /* Frameworks */ = {
			isa = PBXFrameworksBuildPhase;
			buildActionMask = 2147483647;
			files = (
			);
			runOnlyForDeploymentPostprocessing = 0;
		};
/* End PBXFrameworksBuildPhase section */

/* Begin PBXGroup section */
		0E7F1EA01B742373003808B4 /* Abstraction */ = {
			isa = PBXGroup;
			children = (
				0E7F1EA11B742373003808B4 /* MagnetAbstraction.h */,
				0E7F1EA21B742373003808B4 /* MagnetConstants.h */,
				0E7F1EA31B742373003808B4 /* MagnetConstants.m */,
				0E7F1EA41B742373003808B4 /* MagnetDelegate.h */,
				0E7F1EA51B742373003808B4 /* MagnetDelegate.m */,
				0E7F1EA61B742373003808B4 /* MagnetMessage.h */,
				0E7F1EA71B742373003808B4 /* MagnetMessage.m */,
				0E7F1EA81B742373003808B4 /* MMXChannel.h */,
				0E7F1EA91B742373003808B4 /* MMXChannel.m */,
				0E3633931B7955D400A5EB4B /* MMXMessageTypes.h */,
				0E7F1EAA1B742373003808B4 /* MMXMessage.h */,
				0E7F1EAB1B742373003808B4 /* MMXMessage.m */,
				0E7F1EAC1B742373003808B4 /* MMXMessage_Private.h */,
				0E7F1EAD1B742373003808B4 /* MMXUser.h */,
				0E7F1EAE1B742373003808B4 /* MMXUser.m */,
				0EA7C83E1B7D09400041C2D3 /* MMXAsyncOperation.h */,
				0EA7C83F1B7D09400041C2D3 /* MMXAsyncOperation.m */,
				0EA7C8411B7D0B490041C2D3 /* MMXConnectionOperation.h */,
				0EA7C8421B7D0B490041C2D3 /* MMXConnectionOperation.m */,
				0EA7C8471B7D14A20041C2D3 /* MMXLogInOperation.h */,
				0EA7C8481B7D14A20041C2D3 /* MMXLogInOperation.m */,
			);
			path = Abstraction;
			sourceTree = "<group>";
		};
		0E8B4DFA1A6F2F370000A7C3 = {
			isa = PBXGroup;
			children = (
				0EA201F91AF838E1004018AE /* Source */,
				21540E6D1A7ADBD6004E961D /* Xcode Build Configuration */,
				0E8B4E121A6F2F370000A7C3 /* MMXTests */,
				214A0D131A8D20DF00E6939A /* MMXBundle */,
				0E8B4E041A6F2F370000A7C3 /* Products */,
				74393B94CF0A5A1C349F4788 /* Pods */,
				75405B6074A19B704AFA80D9 /* Frameworks */,
			);
			sourceTree = "<group>";
		};
		0E8B4E041A6F2F370000A7C3 /* Products */ = {
			isa = PBXGroup;
			children = (
				0E8B4E031A6F2F370000A7C3 /* libMMX.a */,
				0E8B4E0E1A6F2F370000A7C3 /* MMXTests.xctest */,
				214A0D121A8D20DF00E6939A /* MMX.bundle */,
			);
			name = Products;
			sourceTree = "<group>";
		};
		0E8B4E121A6F2F370000A7C3 /* MMXTests */ = {
			isa = PBXGroup;
			children = (
				0E8B4E131A6F2F370000A7C3 /* Supporting Files */,
				21540E5B1A7834B3004E961D /* MathSpec.m */,
				0E8339341A78480800131CF3 /* MMXClientSpec.m */,
				0E91FF441A8184160055F77F /* MMXDeviceManagerSpec.m */,
				0EB377541ACDFA5000137977 /* MMXAccountManagerSpec.m */,
				0EDE8D871AA0D74000CB16AF /* MMXPubSubManagerSpec.m */,
				21540E621A799DD4004E961D /* MMXClientDelegateSpy.h */,
				21540E631A799DD4004E961D /* MMXClientDelegateSpy.m */,
				66021AA935FA8E7EECCCF7D0 /* CoreData */,
				660210CF931C18F4540212EC /* MMXRemoteNotificationSpec.m */,
				0E98DC211AE087BC00C1A519 /* MMXTests-Bridging-Header.h */,
			);
			path = MMXTests;
			sourceTree = "<group>";
		};
		0E8B4E131A6F2F370000A7C3 /* Supporting Files */ = {
			isa = PBXGroup;
			children = (
				0E47F4FB1B069EF20089E887 /* Configurations.plist */,
				0E8B4E141A6F2F370000A7C3 /* Info.plist */,
			);
			name = "Supporting Files";
			sourceTree = "<group>";
		};
		0EA201F91AF838E1004018AE /* Source */ = {
			isa = PBXGroup;
			children = (
				0E7F1EA01B742373003808B4 /* Abstraction */,
				0EA201FA1AF838E1004018AE /* Categories */,
				0EA201FF1AF838E1004018AE /* Configuration */,
				0EA202041AF838E1004018AE /* Constants */,
				0EA202081AF838E1004018AE /* CoreData */,
				0EA202171AF838E1004018AE /* CoreMessaging */,
				0EA2023F1AF838E1004018AE /* Devices */,
				0EA202481AF838E1004018AE /* Logging */,
				0EA2024B1AF838E1004018AE /* MMX.h */,
				0EA2024C1AF838E1004018AE /* Notifications */,
				0EA2024F1AF838E1004018AE /* PubSub */,
				0EA202771AF838E1004018AE /* User */,
				0EA202841AF838E1004018AE /* Utilities */,
			);
			path = Source;
			sourceTree = "<group>";
		};
		0EA201FA1AF838E1004018AE /* Categories */ = {
			isa = PBXGroup;
			children = (
				0EA201FB1AF838E1004018AE /* XMPPIQ+MMX.h */,
				0EA201FC1AF838E1004018AE /* XMPPIQ+MMX.m */,
				0EA201FD1AF838E1004018AE /* XMPPJID+MMX.h */,
				0EA201FE1AF838E1004018AE /* XMPPJID+MMX.m */,
			);
			path = Categories;
			sourceTree = "<group>";
		};
		0EA201FF1AF838E1004018AE /* Configuration */ = {
			isa = PBXGroup;
			children = (
				0EA202001AF838E1004018AE /* MMXConfiguration.h */,
				0EA202011AF838E1004018AE /* MMXConfiguration.m */,
				0EA202021AF838E1004018AE /* MMXConfigurationRegistry.h */,
				0EA202031AF838E1004018AE /* MMXConfigurationRegistry.m */,
			);
			path = Configuration;
			sourceTree = "<group>";
		};
		0EA202041AF838E1004018AE /* Constants */ = {
			isa = PBXGroup;
			children = (
				0EA202051AF838E1004018AE /* MMXConstants.h */,
				0EA202061AF838E1004018AE /* MMXConstants.m */,
				0EA202071AF838E1004018AE /* MMXErrorSeverityEnum.h */,
			);
			path = Constants;
			sourceTree = "<group>";
		};
		0EA202081AF838E1004018AE /* CoreData */ = {
			isa = PBXGroup;
			children = (
				0EA202091AF838E1004018AE /* _MMXOutboxEntry.h */,
				0EA2020A1AF838E1004018AE /* _MMXOutboxEntry.m */,
				0EA2020B1AF838E1004018AE /* MMX.xcdatamodeld */,
				0EA2020D1AF838E1004018AE /* MMXDataModel.h */,
				0EA2020E1AF838E1004018AE /* MMXDataModel.m */,
				0EA2020F1AF838E1004018AE /* MMXKeyedArchiver.h */,
				0EA202101AF838E1004018AE /* MMXKeyedArchiver.m */,
				0EA202111AF838E1004018AE /* MMXKeyedUnarchiver.h */,
				0EA202121AF838E1004018AE /* MMXKeyedUnarchiver.m */,
				0EA202131AF838E1004018AE /* MMXOutboxEntry.h */,
				0EA202141AF838E1004018AE /* MMXOutboxEntry.m */,
				0EA202151AF838E1004018AE /* MMXOutboxTransformer.h */,
				0EA202161AF838E1004018AE /* MMXOutboxTransformer.m */,
			);
			path = CoreData;
			sourceTree = "<group>";
		};
		0EA202171AF838E1004018AE /* CoreMessaging */ = {
			isa = PBXGroup;
			children = (
				0EA202181AF838E1004018AE /* Addressable */,
				0EA202201AF838E1004018AE /* Internal */,
				0EA202211AF838E1004018AE /* Messages */,
				0EA2022B1AF838E1004018AE /* MMXClient.h */,
				0EA2022C1AF838E1004018AE /* MMXClient.m */,
				0EA2022D1AF838E1004018AE /* MMXClient_Private.h */,
				0EA2022E1AF838E1004018AE /* MMXInternalAck.h */,
				0EA2022F1AF838E1004018AE /* MMXInternalAck.m */,
				0EA202301AF838E1004018AE /* MMXIQResponse.h */,
				0EA202311AF838E1004018AE /* MMXIQResponse.m */,
				0EA202321AF838E1004018AE /* MMXInternalMessageAdaptor.h */,
				0EA202331AF838E1004018AE /* MMXInternalMessageAdaptor.m */,
				0EA202341AF838E1004018AE /* MMXInternalMessageAdaptor_Private.h */,
				0EA202351AF838E1004018AE /* MMXMessageStateQueryResponse.h */,
				0EA202361AF838E1004018AE /* MMXMessageStateQueryResponse.m */,
				0EA202371AF838E1004018AE /* MMXMessageStateQueryResponse_Private.h */,
				0EA202381AF838E1004018AE /* Query */,
			);
			path = CoreMessaging;
			sourceTree = "<group>";
		};
		0EA202181AF838E1004018AE /* Addressable */ = {
			isa = PBXGroup;
			children = (
				0EA202191AF838E1004018AE /* MMXAddressable.h */,
				0EA2021A1AF838E1004018AE /* MMXEndpoint.h */,
				0EA2021B1AF838E1004018AE /* MMXEndpoint.m */,
				0EA2021C1AF838E1004018AE /* MMXEndpoint_Private.h */,
				0EA2021D1AF838E1004018AE /* MMXUserID.h */,
				0EA2021E1AF838E1004018AE /* MMXUserID.m */,
				0EA2021F1AF838E1004018AE /* MMXUserID_Private.h */,
			);
			path = Addressable;
			sourceTree = "<group>";
		};
		0EA202201AF838E1004018AE /* Internal */ = {
			isa = PBXGroup;
			children = (
			);
			path = Internal;
			sourceTree = "<group>";
		};
		0EA202211AF838E1004018AE /* Messages */ = {
			isa = PBXGroup;
			children = (
				0EA202221AF838E1004018AE /* MMXInboundMessage.h */,
				0EA202231AF838E1004018AE /* MMXInboundMessage.m */,
				0EA202241AF838E1004018AE /* MMXInboundMessage_Private.h */,
				0EA202251AF838E1004018AE /* MMXMessageOptions.h */,
				0EA202261AF838E1004018AE /* MMXMessageOptions.m */,
				0EA202271AF838E1004018AE /* MMXMessageOptions_Private.h */,
				0EA202281AF838E1004018AE /* MMXOutboundMessage.h */,
				0EA202291AF838E1004018AE /* MMXOutboundMessage.m */,
				0EA2022A1AF838E1004018AE /* MMXOutboundMessage_Private.h */,
			);
			path = Messages;
			sourceTree = "<group>";
		};
		0EA202381AF838E1004018AE /* Query */ = {
			isa = PBXGroup;
			children = (
				0EA202391AF838E1004018AE /* MMXQuery.h */,
				0EA2023A1AF838E1004018AE /* MMXQuery.m */,
				0EA2023B1AF838E1004018AE /* MMXQuery_Private.h */,
				0EA2023C1AF838E1004018AE /* MMXQueryFilter.h */,
				0EA2023D1AF838E1004018AE /* MMXQueryFilter.m */,
				0EA2023E1AF838E1004018AE /* MMXQueryFilter_Private.h */,
			);
			path = Query;
			sourceTree = "<group>";
		};
		0EA2023F1AF838E1004018AE /* Devices */ = {
			isa = PBXGroup;
			children = (
				0EA202401AF838E1004018AE /* MMXDeviceManager.h */,
				0EA202411AF838E1004018AE /* MMXDeviceManager.m */,
				0EA202421AF838E1004018AE /* MMXDeviceManager_Private.h */,
				0EA202431AF838E1004018AE /* MMXDeviceProfile.h */,
				0EA202441AF838E1004018AE /* MMXDeviceProfile.m */,
				0EA202451AF838E1004018AE /* MMXDeviceProfile_Private.h */,
				0EA202461AF838E1004018AE /* MMXDeviceQueryResponse.h */,
				0EA202471AF838E1004018AE /* MMXDeviceQueryResponse.m */,
			);
			path = Devices;
			sourceTree = "<group>";
		};
		0EA202481AF838E1004018AE /* Logging */ = {
			isa = PBXGroup;
			children = (
				0EA202491AF838E1004018AE /* MMXLogger.h */,
				0EA2024A1AF838E1004018AE /* MMXLogger.m */,
			);
			path = Logging;
			sourceTree = "<group>";
		};
		0EA2024C1AF838E1004018AE /* Notifications */ = {
			isa = PBXGroup;
			children = (
				0EA2024D1AF838E1004018AE /* MMXRemoteNotification.h */,
				0EA2024E1AF838E1004018AE /* MMXRemoteNotification.m */,
			);
			path = Notifications;
			sourceTree = "<group>";
		};
		0EA2024F1AF838E1004018AE /* PubSub */ = {
			isa = PBXGroup;
			children = (
				0EA202501AF838E1004018AE /* MMXGeoLocationMessage.h */,
				0EA202511AF838E1004018AE /* MMXGeoLocationMessage.m */,
				0EA202521AF838E1004018AE /* MMXGeoLocationMessage_Private.h */,
				0EA202531AF838E1004018AE /* MMXPubSubFetchRequest.h */,
				0EA202541AF838E1004018AE /* MMXPubSubFetchRequest.m */,
				0EA202551AF838E1004018AE /* MMXPubSubFetchRequest_Private.h */,
				0EA202561AF838E1004018AE /* MMXPubSubManager.h */,
				0EA202571AF838E1004018AE /* MMXPubSubManager.m */,
				0EA202581AF838E1004018AE /* MMXPubSubManager_Private.h */,
				0EA202591AF838E1004018AE /* MMXPubSubMessage.h */,
				0EA2025A1AF838E1004018AE /* MMXPubSubMessage.m */,
				0EA2025B1AF838E1004018AE /* MMXPubSubMessage_Private.h */,
				0EA2025C1AF838E1004018AE /* MMXTopic.h */,
				0EA2025D1AF838E1004018AE /* MMXTopic.m */,
				0EA2025E1AF838E1004018AE /* MMXTopic_Private.h */,
				0EA2025F1AF838E1004018AE /* MMXTopicListResponse.h */,
				0EA202601AF838E1004018AE /* MMXTopicListResponse.m */,
				0EA202611AF838E1004018AE /* TopicQuery */,
				0EA202681AF838E1004018AE /* TopicSubscription */,
				0EA202711AF838E1004018AE /* TopicSummary */,
			);
			path = PubSub;
			sourceTree = "<group>";
		};
		0EA202611AF838E1004018AE /* TopicQuery */ = {
			isa = PBXGroup;
			children = (
				0EA202621AF838E1004018AE /* MMXTopicQueryFilter.h */,
				0EA202631AF838E1004018AE /* MMXTopicQueryFilter.m */,
				0EA202641AF838E1004018AE /* MMXTopicQueryFilter_Private.h */,
				0EA202651AF838E1004018AE /* MMXTopicQueryResponse.h */,
				0EA202661AF838E1004018AE /* MMXTopicQueryResponse.m */,
				0EA202671AF838E1004018AE /* MMXTopicQueryResponse_Private.h */,
			);
			path = TopicQuery;
			sourceTree = "<group>";
		};
		0EA202681AF838E1004018AE /* TopicSubscription */ = {
			isa = PBXGroup;
			children = (
				0EA202691AF838E1004018AE /* MMXSubscriptionListResponse.h */,
				0EA2026A1AF838E1004018AE /* MMXSubscriptionListResponse.m */,
				0EA2026B1AF838E1004018AE /* MMXSubscriptionResponse.h */,
				0EA2026C1AF838E1004018AE /* MMXSubscriptionResponse.m */,
				0EA2026D1AF838E1004018AE /* MMXSubscriptionResponse_Private.h */,
				0EA2026E1AF838E1004018AE /* MMXTopicSubscription.h */,
				0EA2026F1AF838E1004018AE /* MMXTopicSubscription.m */,
				0EA202701AF838E1004018AE /* MMXTopicSubscription_Private.h */,
			);
			path = TopicSubscription;
			sourceTree = "<group>";
		};
		0EA202711AF838E1004018AE /* TopicSummary */ = {
			isa = PBXGroup;
			children = (
				0EA202721AF838E1004018AE /* MMXTopicSummary.h */,
				0EA202731AF838E1004018AE /* MMXTopicSummary.m */,
				0EA202741AF838E1004018AE /* MMXTopicSummary_Private.h */,
				0EA202751AF838E1004018AE /* MMXTopicSummaryRequestResponse.h */,
				0EA202761AF838E1004018AE /* MMXTopicSummaryRequestResponse.m */,
			);
			path = TopicSummary;
			sourceTree = "<group>";
		};
		0EA202771AF838E1004018AE /* User */ = {
			isa = PBXGroup;
			children = (
				0EA202781AF838E1004018AE /* MMXAccountManager.h */,
				0EA202791AF838E1004018AE /* MMXAccountManager.m */,
				0EA2027A1AF838E1004018AE /* MMXAccountManager_Private.h */,
				0EA2027B1AF838E1004018AE /* MMXUserProfile.h */,
				0EA2027C1AF838E1004018AE /* MMXUserProfile.m */,
				0EA2027D1AF838E1004018AE /* MMXUserProfile_Private.h */,
				0EA2027E1AF838E1004018AE /* MMXUserQueryFilter.h */,
				0EA2027F1AF838E1004018AE /* MMXUserQueryFilter.m */,
				0EA202801AF838E1004018AE /* MMXUserQueryFilter_Private.h */,
				0EA202811AF838E1004018AE /* MMXUserQueryResponse.h */,
				0EA202821AF838E1004018AE /* MMXUserQueryResponse.m */,
				0EA202831AF838E1004018AE /* MMXUserQueryResponse_Private.h */,
			);
			path = User;
			sourceTree = "<group>";
		};
		0EA202841AF838E1004018AE /* Utilities */ = {
			isa = PBXGroup;
			children = (
				0EA202851AF838E1004018AE /* MMXAssert.h */,
				0EA202861AF838E1004018AE /* MMXiso8601DateTransformer.h */,
				0EA202871AF838E1004018AE /* MMXiso8601DateTransformer.m */,
				0EA202881AF838E1004018AE /* MMXMessageUtils.h */,
				0EA202891AF838E1004018AE /* MMXMessageUtils.m */,
				0EA2028A1AF838E1004018AE /* MMXTestingUtils.h */,
				0EA2028B1AF838E1004018AE /* MMXTestingUtils.m */,
				0EA2028C1AF838E1004018AE /* MMXUtils.h */,
				0EA2028D1AF838E1004018AE /* MMXUtils.m */,
			);
			path = Utilities;
			sourceTree = "<group>";
		};
		214A0D131A8D20DF00E6939A /* MMXBundle */ = {
			isa = PBXGroup;
			children = (
				214A0D141A8D20DF00E6939A /* Supporting Files */,
			);
			path = MMXBundle;
			sourceTree = "<group>";
		};
		214A0D141A8D20DF00E6939A /* Supporting Files */ = {
			isa = PBXGroup;
			children = (
				214A0D151A8D20DF00E6939A /* Info.plist */,
			);
			name = "Supporting Files";
			sourceTree = "<group>";
		};
		21540E6D1A7ADBD6004E961D /* Xcode Build Configuration */ = {
			isa = PBXGroup;
			children = (
				21540E6E1A7ADBD6004E961D /* MMX.debug.xcconfig */,
				21540E6F1A7ADBD6004E961D /* MMX.framework.xcconfig */,
				21540E701A7ADBD6004E961D /* MMX.release.xcconfig */,
				21540E711A7ADBD6004E961D /* MMX.shared.xcconfig */,
				21540E721A7ADBD6004E961D /* MMXTests.debug.xcconfig */,
				21540E731A7ADBD6004E961D /* MMXTests.release.xcconfig */,
				21540E741A7ADBD6004E961D /* MMXTests.shared.xcconfig */,
			);
			path = "Xcode Build Configuration";
			sourceTree = "<group>";
		};
		66021AA935FA8E7EECCCF7D0 /* CoreData */ = {
			isa = PBXGroup;
			children = (
				66021A53159259CBF0D9D85A /* MMXKeyedArchiverSpec.m */,
				66021455F4B619C01E078615 /* MMXDataModelSpec.m */,
				660217D44535D31E2BE0C1FA /* MMXKeyedUnarchiverSpec.m */,
			);
			path = CoreData;
			sourceTree = "<group>";
		};
		74393B94CF0A5A1C349F4788 /* Pods */ = {
			isa = PBXGroup;
			children = (
				49888CD5CB090DCBF2015866 /* Pods.debug.xcconfig */,
				4678D5BADA8D36C8CA1C6E81 /* Pods.release.xcconfig */,
				891308567E1F745BA145DC14 /* Pods-MMXTests.debug.xcconfig */,
				A27D82B14CC60678AEEFDA13 /* Pods-MMXTests.release.xcconfig */,
			);
			name = Pods;
			sourceTree = "<group>";
		};
		75405B6074A19B704AFA80D9 /* Frameworks */ = {
			isa = PBXGroup;
			children = (
				0E5F2D8A1A76B99F00396DF4 /* libresolv.dylib */,
				9BC4E4B121CF5E8A98B9E907 /* libPods.a */,
				CD8F7441BDCF3041B7EA66D6 /* libPods-MMXTests.a */,
			);
			name = Frameworks;
			sourceTree = "<group>";
		};
/* End PBXGroup section */

/* Begin PBXNativeTarget section */
		0E8B4E021A6F2F370000A7C3 /* MMX */ = {
			isa = PBXNativeTarget;
			buildConfigurationList = 0E8B4E171A6F2F370000A7C3 /* Build configuration list for PBXNativeTarget "MMX" */;
			buildPhases = (
				7002B2EEFF14215171CA0978 /* Check Pods Manifest.lock */,
				0E8B4DFF1A6F2F370000A7C3 /* Sources */,
				0E8B4E001A6F2F370000A7C3 /* Frameworks */,
				0E8B4E011A6F2F370000A7C3 /* CopyFiles */,
				DDACCDD5E1A887AAC1721E95 /* Copy Pods Resources */,
			);
			buildRules = (
			);
			dependencies = (
				214A0D1B1A8D22C600E6939A /* PBXTargetDependency */,
			);
			name = MMX;
			productName = MMX;
			productReference = 0E8B4E031A6F2F370000A7C3 /* libMMX.a */;
			productType = "com.apple.product-type.library.static";
		};
		0E8B4E0D1A6F2F370000A7C3 /* MMXTests */ = {
			isa = PBXNativeTarget;
			buildConfigurationList = 0E8B4E1A1A6F2F370000A7C3 /* Build configuration list for PBXNativeTarget "MMXTests" */;
			buildPhases = (
				1C7D5B5A37CD12664A6D3D84 /* Check Pods Manifest.lock */,
				0E8B4E0A1A6F2F370000A7C3 /* Sources */,
				0E8B4E0B1A6F2F370000A7C3 /* Frameworks */,
				0E8B4E0C1A6F2F370000A7C3 /* Resources */,
				9B4A6E77D989E75A93AFF8D2 /* Copy Pods Resources */,
			);
			buildRules = (
			);
			dependencies = (
				0E8B4E111A6F2F370000A7C3 /* PBXTargetDependency */,
			);
			name = MMXTests;
			productName = MMXTests;
			productReference = 0E8B4E0E1A6F2F370000A7C3 /* MMXTests.xctest */;
			productType = "com.apple.product-type.bundle.unit-test";
		};
		214A0D111A8D20DF00E6939A /* MMXBundle */ = {
			isa = PBXNativeTarget;
			buildConfigurationList = 214A0D181A8D20DF00E6939A /* Build configuration list for PBXNativeTarget "MMXBundle" */;
			buildPhases = (
				214A0D0E1A8D20DF00E6939A /* Sources */,
				214A0D0F1A8D20DF00E6939A /* Frameworks */,
				214A0D101A8D20DF00E6939A /* Resources */,
			);
			buildRules = (
			);
			dependencies = (
			);
			name = MMXBundle;
			productName = MMXBundle;
			productReference = 214A0D121A8D20DF00E6939A /* MMX.bundle */;
			productType = "com.apple.product-type.bundle";
		};
/* End PBXNativeTarget section */

/* Begin PBXProject section */
		0E8B4DFB1A6F2F370000A7C3 /* Project object */ = {
			isa = PBXProject;
			attributes = {
				LastUpgradeCheck = 0610;
				ORGANIZATIONNAME = "Magnet Systems, Inc.";
				TargetAttributes = {
					0E8B4E021A6F2F370000A7C3 = {
						CreatedOnToolsVersion = 6.1.1;
					};
					0E8B4E0D1A6F2F370000A7C3 = {
						CreatedOnToolsVersion = 6.1.1;
					};
					214A0D111A8D20DF00E6939A = {
						CreatedOnToolsVersion = 6.1.1;
					};
				};
			};
			buildConfigurationList = 0E8B4DFE1A6F2F370000A7C3 /* Build configuration list for PBXProject "MMX" */;
			compatibilityVersion = "Xcode 3.2";
			developmentRegion = English;
			hasScannedForEncodings = 0;
			knownRegions = (
				en,
			);
			mainGroup = 0E8B4DFA1A6F2F370000A7C3;
			productRefGroup = 0E8B4E041A6F2F370000A7C3 /* Products */;
			projectDirPath = "";
			projectRoot = "";
			targets = (
				0E8B4E021A6F2F370000A7C3 /* MMX */,
				0E8B4E0D1A6F2F370000A7C3 /* MMXTests */,
				214A0D111A8D20DF00E6939A /* MMXBundle */,
			);
		};
/* End PBXProject section */

/* Begin PBXResourcesBuildPhase section */
		0E8B4E0C1A6F2F370000A7C3 /* Resources */ = {
			isa = PBXResourcesBuildPhase;
			buildActionMask = 2147483647;
			files = (
				214A0D1F1A8D3C9500E6939A /* MMX.bundle in Resources */,
				0E47F4FC1B069EF20089E887 /* Configurations.plist in Resources */,
			);
			runOnlyForDeploymentPostprocessing = 0;
		};
		214A0D101A8D20DF00E6939A /* Resources */ = {
			isa = PBXResourcesBuildPhase;
			buildActionMask = 2147483647;
			files = (
				0E11E2C11AF83D0C00263B9B /* MMX.xcdatamodeld in Resources */,
			);
			runOnlyForDeploymentPostprocessing = 0;
		};
/* End PBXResourcesBuildPhase section */

/* Begin PBXShellScriptBuildPhase section */
		1C7D5B5A37CD12664A6D3D84 /* Check Pods Manifest.lock */ = {
			isa = PBXShellScriptBuildPhase;
			buildActionMask = 2147483647;
			files = (
			);
			inputPaths = (
			);
			name = "Check Pods Manifest.lock";
			outputPaths = (
			);
			runOnlyForDeploymentPostprocessing = 0;
			shellPath = /bin/sh;
			shellScript = "diff \"${PODS_ROOT}/../Podfile.lock\" \"${PODS_ROOT}/Manifest.lock\" > /dev/null\nif [[ $? != 0 ]] ; then\n    cat << EOM\nerror: The sandbox is not in sync with the Podfile.lock. Run 'pod install' or update your CocoaPods installation.\nEOM\n    exit 1\nfi\n";
			showEnvVarsInLog = 0;
		};
		7002B2EEFF14215171CA0978 /* Check Pods Manifest.lock */ = {
			isa = PBXShellScriptBuildPhase;
			buildActionMask = 2147483647;
			files = (
			);
			inputPaths = (
			);
			name = "Check Pods Manifest.lock";
			outputPaths = (
			);
			runOnlyForDeploymentPostprocessing = 0;
			shellPath = /bin/sh;
			shellScript = "diff \"${PODS_ROOT}/../Podfile.lock\" \"${PODS_ROOT}/Manifest.lock\" > /dev/null\nif [[ $? != 0 ]] ; then\n    cat << EOM\nerror: The sandbox is not in sync with the Podfile.lock. Run 'pod install' or update your CocoaPods installation.\nEOM\n    exit 1\nfi\n";
			showEnvVarsInLog = 0;
		};
		9B4A6E77D989E75A93AFF8D2 /* Copy Pods Resources */ = {
			isa = PBXShellScriptBuildPhase;
			buildActionMask = 2147483647;
			files = (
			);
			inputPaths = (
			);
			name = "Copy Pods Resources";
			outputPaths = (
			);
			runOnlyForDeploymentPostprocessing = 0;
			shellPath = /bin/sh;
			shellScript = "\"${SRCROOT}/Pods/Target Support Files/Pods-MMXTests/Pods-MMXTests-resources.sh\"\n";
			showEnvVarsInLog = 0;
		};
		DDACCDD5E1A887AAC1721E95 /* Copy Pods Resources */ = {
			isa = PBXShellScriptBuildPhase;
			buildActionMask = 2147483647;
			files = (
			);
			inputPaths = (
			);
			name = "Copy Pods Resources";
			outputPaths = (
			);
			runOnlyForDeploymentPostprocessing = 0;
			shellPath = /bin/sh;
			shellScript = "\"${SRCROOT}/Pods/Target Support Files/Pods/Pods-resources.sh\"\n";
			showEnvVarsInLog = 0;
		};
/* End PBXShellScriptBuildPhase section */

/* Begin PBXSourcesBuildPhase section */
		0E8B4DFF1A6F2F370000A7C3 /* Sources */ = {
			isa = PBXSourcesBuildPhase;
			buildActionMask = 2147483647;
			files = (
				0E7F1EB21B742373003808B4 /* MMXChannel.m in Sources */,
				0EA202A21AF838E1004018AE /* MMXInternalMessageAdaptor.m in Sources */,
				0EA202931AF838E1004018AE /* _MMXOutboxEntry.m in Sources */,
				0EA7C8431B7D0B490041C2D3 /* MMXConnectionOperation.m in Sources */,
				0EA202A61AF838E1004018AE /* MMXDeviceManager.m in Sources */,
				0EA202A11AF838E1004018AE /* MMXIQResponse.m in Sources */,
				0EA202B01AF838E1004018AE /* MMXTopicListResponse.m in Sources */,
				0E7F1EB31B742373003808B4 /* MMXMessage.m in Sources */,
				0E7F1EAF1B742373003808B4 /* MagnetConstants.m in Sources */,
				0EA202B11AF838E1004018AE /* MMXTopicQueryFilter.m in Sources */,
				0EA202B61AF838E1004018AE /* MMXTopicSummary.m in Sources */,
				0EA2029D1AF838E1004018AE /* MMXMessageOptions.m in Sources */,
				0EA202B21AF838E1004018AE /* MMXTopicQueryResponse.m in Sources */,
				0EA202BB1AF838E1004018AE /* MMXUserQueryResponse.m in Sources */,
				0EA202B31AF838E1004018AE /* MMXSubscriptionListResponse.m in Sources */,
				0EA202AA1AF838E1004018AE /* MMXRemoteNotification.m in Sources */,
				0EA2029A1AF838E1004018AE /* MMXEndpoint.m in Sources */,
				0EA2029C1AF838E1004018AE /* MMXInboundMessage.m in Sources */,
				0E7F1EB41B742373003808B4 /* MMXUser.m in Sources */,
				0EA202A81AF838E1004018AE /* MMXDeviceQueryResponse.m in Sources */,
				0EA202A41AF838E1004018AE /* MMXQuery.m in Sources */,
				0EA202B81AF838E1004018AE /* MMXAccountManager.m in Sources */,
				0EA202BF1AF838E1004018AE /* MMXUtils.m in Sources */,
				0E7F1EB01B742373003808B4 /* MagnetDelegate.m in Sources */,
				0EA202921AF838E1004018AE /* MMXConstants.m in Sources */,
				0EA202B41AF838E1004018AE /* MMXSubscriptionResponse.m in Sources */,
				0EA202BD1AF838E1004018AE /* MMXMessageUtils.m in Sources */,
				0EA202AD1AF838E1004018AE /* MMXPubSubManager.m in Sources */,
				0EA202AE1AF838E1004018AE /* MMXPubSubMessage.m in Sources */,
				0EA202A71AF838E1004018AE /* MMXDeviceProfile.m in Sources */,
				0EA202A91AF838E1004018AE /* MMXLogger.m in Sources */,
				0EA202991AF838E1004018AE /* MMXOutboxTransformer.m in Sources */,
				0EA2029F1AF838E1004018AE /* MMXClient.m in Sources */,
				0EA202B91AF838E1004018AE /* MMXUserProfile.m in Sources */,
				0EA7C8491B7D14A20041C2D3 /* MMXLogInOperation.m in Sources */,
				0EA202911AF838E1004018AE /* MMXConfigurationRegistry.m in Sources */,
				0EA202AC1AF838E1004018AE /* MMXPubSubFetchRequest.m in Sources */,
				0EA7C8401B7D09400041C2D3 /* MMXAsyncOperation.m in Sources */,
				0EA202AB1AF838E1004018AE /* MMXGeoLocationMessage.m in Sources */,
				0E7F1EB11B742373003808B4 /* MagnetMessage.m in Sources */,
				0EA2029B1AF838E1004018AE /* MMXUserID.m in Sources */,
				0EA202BA1AF838E1004018AE /* MMXUserQueryFilter.m in Sources */,
				0EA2029E1AF838E1004018AE /* MMXOutboundMessage.m in Sources */,
				0EA2028E1AF838E1004018AE /* XMPPIQ+MMX.m in Sources */,
				0EA2028F1AF838E1004018AE /* XMPPJID+MMX.m in Sources */,
				0EA202971AF838E1004018AE /* MMXKeyedUnarchiver.m in Sources */,
				0EA202B51AF838E1004018AE /* MMXTopicSubscription.m in Sources */,
				0EA202A51AF838E1004018AE /* MMXQueryFilter.m in Sources */,
				0EA202951AF838E1004018AE /* MMXDataModel.m in Sources */,
				0EA202AF1AF838E1004018AE /* MMXTopic.m in Sources */,
				0EA202A01AF838E1004018AE /* MMXInternalAck.m in Sources */,
				0EA202A31AF838E1004018AE /* MMXMessageStateQueryResponse.m in Sources */,
				0EA202B71AF838E1004018AE /* MMXTopicSummaryRequestResponse.m in Sources */,
				0EA202901AF838E1004018AE /* MMXConfiguration.m in Sources */,
				0EA202961AF838E1004018AE /* MMXKeyedArchiver.m in Sources */,
				0EA202981AF838E1004018AE /* MMXOutboxEntry.m in Sources */,
			);
			runOnlyForDeploymentPostprocessing = 0;
		};
		0E8B4E0A1A6F2F370000A7C3 /* Sources */ = {
			isa = PBXSourcesBuildPhase;
			buildActionMask = 2147483647;
			files = (
				214A0D1C1A8D3AF500E6939A /* MMXKeyedArchiverSpec.m in Sources */,
				214A0D1D1A8D3AF500E6939A /* MMXDataModelSpec.m in Sources */,
				0EDE8D881AA0D74000CB16AF /* MMXPubSubManagerSpec.m in Sources */,
				214A0D1E1A8D3AF500E6939A /* MMXKeyedUnarchiverSpec.m in Sources */,
				0E57BE5C1AFAA015009BD674 /* MMXTestingUtils.m in Sources */,
				21540E641A799DD4004E961D /* MMXClientDelegateSpy.m in Sources */,
				0EB377551ACDFA5000137977 /* MMXAccountManagerSpec.m in Sources */,
				0E91FF451A8184160055F77F /* MMXDeviceManagerSpec.m in Sources */,
				0E8339351A78480800131CF3 /* MMXClientSpec.m in Sources */,
				21540E5C1A7834B3004E961D /* MathSpec.m in Sources */,
				660216A5CA22964263058C72 /* MMXRemoteNotificationSpec.m in Sources */,
			);
			runOnlyForDeploymentPostprocessing = 0;
		};
		214A0D0E1A8D20DF00E6939A /* Sources */ = {
			isa = PBXSourcesBuildPhase;
			buildActionMask = 2147483647;
			files = (
			);
			runOnlyForDeploymentPostprocessing = 0;
		};
/* End PBXSourcesBuildPhase section */

/* Begin PBXTargetDependency section */
		0E8B4E111A6F2F370000A7C3 /* PBXTargetDependency */ = {
			isa = PBXTargetDependency;
			target = 0E8B4E021A6F2F370000A7C3 /* MMX */;
			targetProxy = 0E8B4E101A6F2F370000A7C3 /* PBXContainerItemProxy */;
		};
		214A0D1B1A8D22C600E6939A /* PBXTargetDependency */ = {
			isa = PBXTargetDependency;
			target = 214A0D111A8D20DF00E6939A /* MMXBundle */;
			targetProxy = 214A0D1A1A8D22C600E6939A /* PBXContainerItemProxy */;
		};
/* End PBXTargetDependency section */

/* Begin XCBuildConfiguration section */
		0E8B4E151A6F2F370000A7C3 /* Debug */ = {
			isa = XCBuildConfiguration;
			baseConfigurationReference = 21540E6F1A7ADBD6004E961D /* MMX.framework.xcconfig */;
			buildSettings = {
				IPHONEOS_DEPLOYMENT_TARGET = 7.0;
				ONLY_ACTIVE_ARCH = YES;
			};
			name = Debug;
		};
		0E8B4E161A6F2F370000A7C3 /* Release */ = {
			isa = XCBuildConfiguration;
			baseConfigurationReference = 21540E6F1A7ADBD6004E961D /* MMX.framework.xcconfig */;
			buildSettings = {
				IPHONEOS_DEPLOYMENT_TARGET = 7.0;
			};
			name = Release;
		};
		0E8B4E181A6F2F370000A7C3 /* Debug */ = {
			isa = XCBuildConfiguration;
			baseConfigurationReference = 21540E6E1A7ADBD6004E961D /* MMX.debug.xcconfig */;
			buildSettings = {
			};
			name = Debug;
		};
		0E8B4E191A6F2F370000A7C3 /* Release */ = {
			isa = XCBuildConfiguration;
			baseConfigurationReference = 21540E701A7ADBD6004E961D /* MMX.release.xcconfig */;
			buildSettings = {
			};
			name = Release;
		};
		0E8B4E1B1A6F2F370000A7C3 /* Debug */ = {
			isa = XCBuildConfiguration;
			baseConfigurationReference = 21540E721A7ADBD6004E961D /* MMXTests.debug.xcconfig */;
			buildSettings = {
			};
			name = Debug;
		};
		0E8B4E1C1A6F2F370000A7C3 /* Release */ = {
			isa = XCBuildConfiguration;
			baseConfigurationReference = 21540E731A7ADBD6004E961D /* MMXTests.release.xcconfig */;
			buildSettings = {
			};
			name = Release;
		};
		214A0D161A8D20DF00E6939A /* Debug */ = {
			isa = XCBuildConfiguration;
			buildSettings = {
				ALWAYS_SEARCH_USER_PATHS = NO;
				CLANG_CXX_LANGUAGE_STANDARD = "gnu++0x";
				CLANG_CXX_LIBRARY = "libc++";
				CLANG_ENABLE_OBJC_ARC = YES;
				CLANG_WARN_BOOL_CONVERSION = YES;
				CLANG_WARN_CONSTANT_CONVERSION = YES;
				CLANG_WARN_DIRECT_OBJC_ISA_USAGE = YES_ERROR;
				CLANG_WARN_EMPTY_BODY = YES;
				CLANG_WARN_ENUM_CONVERSION = YES;
				CLANG_WARN_INT_CONVERSION = YES;
				CLANG_WARN_OBJC_ROOT_CLASS = YES_ERROR;
				CLANG_WARN_UNREACHABLE_CODE = YES;
				CLANG_WARN__DUPLICATE_METHOD_MATCH = YES;
				COPY_PHASE_STRIP = NO;
				ENABLE_STRICT_OBJC_MSGSEND = YES;
				GCC_C_LANGUAGE_STANDARD = gnu99;
				GCC_DYNAMIC_NO_PIC = NO;
				GCC_OPTIMIZATION_LEVEL = 0;
				GCC_PREPROCESSOR_DEFINITIONS = (
					"DEBUG=1",
					"$(inherited)",
				);
				GCC_SYMBOLS_PRIVATE_EXTERN = NO;
				GCC_WARN_64_TO_32_BIT_CONVERSION = YES;
				GCC_WARN_ABOUT_RETURN_TYPE = YES_ERROR;
				GCC_WARN_UNDECLARED_SELECTOR = YES;
				GCC_WARN_UNINITIALIZED_AUTOS = YES_AGGRESSIVE;
				GCC_WARN_UNUSED_FUNCTION = YES;
				GCC_WARN_UNUSED_VARIABLE = YES;
				INFOPLIST_FILE = MMXBundle/Info.plist;
				INSTALL_PATH = "$(LOCAL_LIBRARY_DIR)/Bundles";
				MACOSX_DEPLOYMENT_TARGET = 10.10;
				MTL_ENABLE_DEBUG_INFO = YES;
				PRODUCT_NAME = MMX;
				SDKROOT = iphoneos;
				SKIP_INSTALL = YES;
				WRAPPER_EXTENSION = bundle;
			};
			name = Debug;
		};
		214A0D171A8D20DF00E6939A /* Release */ = {
			isa = XCBuildConfiguration;
			buildSettings = {
				ALWAYS_SEARCH_USER_PATHS = NO;
				CLANG_CXX_LANGUAGE_STANDARD = "gnu++0x";
				CLANG_CXX_LIBRARY = "libc++";
				CLANG_ENABLE_OBJC_ARC = YES;
				CLANG_WARN_BOOL_CONVERSION = YES;
				CLANG_WARN_CONSTANT_CONVERSION = YES;
				CLANG_WARN_DIRECT_OBJC_ISA_USAGE = YES_ERROR;
				CLANG_WARN_EMPTY_BODY = YES;
				CLANG_WARN_ENUM_CONVERSION = YES;
				CLANG_WARN_INT_CONVERSION = YES;
				CLANG_WARN_OBJC_ROOT_CLASS = YES_ERROR;
				CLANG_WARN_UNREACHABLE_CODE = YES;
				CLANG_WARN__DUPLICATE_METHOD_MATCH = YES;
				COPY_PHASE_STRIP = YES;
				DEBUG_INFORMATION_FORMAT = "dwarf-with-dsym";
				ENABLE_NS_ASSERTIONS = NO;
				ENABLE_STRICT_OBJC_MSGSEND = YES;
				GCC_C_LANGUAGE_STANDARD = gnu99;
				GCC_WARN_64_TO_32_BIT_CONVERSION = YES;
				GCC_WARN_ABOUT_RETURN_TYPE = YES_ERROR;
				GCC_WARN_UNDECLARED_SELECTOR = YES;
				GCC_WARN_UNINITIALIZED_AUTOS = YES_AGGRESSIVE;
				GCC_WARN_UNUSED_FUNCTION = YES;
				GCC_WARN_UNUSED_VARIABLE = YES;
				INFOPLIST_FILE = MMXBundle/Info.plist;
				INSTALL_PATH = "$(LOCAL_LIBRARY_DIR)/Bundles";
				MACOSX_DEPLOYMENT_TARGET = 10.10;
				MTL_ENABLE_DEBUG_INFO = NO;
				PRODUCT_NAME = MMX;
				SDKROOT = iphoneos;
				SKIP_INSTALL = YES;
				WRAPPER_EXTENSION = bundle;
			};
			name = Release;
		};
/* End XCBuildConfiguration section */

/* Begin XCConfigurationList section */
		0E8B4DFE1A6F2F370000A7C3 /* Build configuration list for PBXProject "MMX" */ = {
			isa = XCConfigurationList;
			buildConfigurations = (
				0E8B4E151A6F2F370000A7C3 /* Debug */,
				0E8B4E161A6F2F370000A7C3 /* Release */,
			);
			defaultConfigurationIsVisible = 0;
			defaultConfigurationName = Release;
		};
		0E8B4E171A6F2F370000A7C3 /* Build configuration list for PBXNativeTarget "MMX" */ = {
			isa = XCConfigurationList;
			buildConfigurations = (
				0E8B4E181A6F2F370000A7C3 /* Debug */,
				0E8B4E191A6F2F370000A7C3 /* Release */,
			);
			defaultConfigurationIsVisible = 0;
			defaultConfigurationName = Release;
		};
		0E8B4E1A1A6F2F370000A7C3 /* Build configuration list for PBXNativeTarget "MMXTests" */ = {
			isa = XCConfigurationList;
			buildConfigurations = (
				0E8B4E1B1A6F2F370000A7C3 /* Debug */,
				0E8B4E1C1A6F2F370000A7C3 /* Release */,
			);
			defaultConfigurationIsVisible = 0;
			defaultConfigurationName = Release;
		};
		214A0D181A8D20DF00E6939A /* Build configuration list for PBXNativeTarget "MMXBundle" */ = {
			isa = XCConfigurationList;
			buildConfigurations = (
				214A0D161A8D20DF00E6939A /* Debug */,
				214A0D171A8D20DF00E6939A /* Release */,
			);
			defaultConfigurationIsVisible = 0;
			defaultConfigurationName = Release;
		};
/* End XCConfigurationList section */

/* Begin XCVersionGroup section */
		0EA2020B1AF838E1004018AE /* MMX.xcdatamodeld */ = {
			isa = XCVersionGroup;
			children = (
				0EA2020C1AF838E1004018AE /* MMX.xcdatamodel */,
			);
			currentVersion = 0EA2020C1AF838E1004018AE /* MMX.xcdatamodel */;
			path = MMX.xcdatamodeld;
			sourceTree = "<group>";
			versionGroupType = wrapper.xcdatamodel;
		};
/* End XCVersionGroup section */
	};
	rootObject = 0E8B4DFB1A6F2F370000A7C3 /* Project object */;
}
